// !$*UTF8*$!
{
	archiveVersion = 1;
	classes = {
	};
	objectVersion = 48;
	objects = {

/* Begin PBXBuildFile section */
		800631C3206019C500AFDE76 /* newIssuesPopUpViewController.swift in Sources */ = {isa = PBXBuildFile; fileRef = 800631C2206019C500AFDE76 /* newIssuesPopUpViewController.swift */; };
		800631D220601B2E00AFDE76 /* Issue.swift in Sources */ = {isa = PBXBuildFile; fileRef = 800631D120601B2E00AFDE76 /* Issue.swift */; };
		800631D72062C38500AFDE76 /* AddIssuePopUpViewController.swift in Sources */ = {isa = PBXBuildFile; fileRef = 800631D62062C38500AFDE76 /* AddIssuePopUpViewController.swift */; };
		800631DB20657AF000AFDE76 /* SkippedVariant.swift in Sources */ = {isa = PBXBuildFile; fileRef = 800631DA20657AF000AFDE76 /* SkippedVariant.swift */; };
		800631EA20657AFF00AFDE76 /* SkippedCheckpoint.swift in Sources */ = {isa = PBXBuildFile; fileRef = 800631E920657AFF00AFDE76 /* SkippedCheckpoint.swift */; };
		800631EC206957A200AFDE76 /* LoadingViewController.swift in Sources */ = {isa = PBXBuildFile; fileRef = 800631EB206957A200AFDE76 /* LoadingViewController.swift */; };
		800631EE206957ED00AFDE76 /* LoadingView.swift in Sources */ = {isa = PBXBuildFile; fileRef = 800631ED206957ED00AFDE76 /* LoadingView.swift */; };
		800631F02069832400AFDE76 /* OM.swift in Sources */ = {isa = PBXBuildFile; fileRef = 800631EF2069832400AFDE76 /* OM.swift */; };
		80126D3C202E413600B3CFAB /* AppDelegate.swift in Sources */ = {isa = PBXBuildFile; fileRef = 80126D3B202E413600B3CFAB /* AppDelegate.swift */; };
		80126D3E202E413600B3CFAB /* ViewController.swift in Sources */ = {isa = PBXBuildFile; fileRef = 80126D3D202E413600B3CFAB /* ViewController.swift */; };
		80126D41202E413600B3CFAB /* Main.storyboard in Resources */ = {isa = PBXBuildFile; fileRef = 80126D3F202E413600B3CFAB /* Main.storyboard */; };
		80126D43202E413600B3CFAB /* Assets.xcassets in Resources */ = {isa = PBXBuildFile; fileRef = 80126D42202E413600B3CFAB /* Assets.xcassets */; };
		80126D46202E413600B3CFAB /* LaunchScreen.storyboard in Resources */ = {isa = PBXBuildFile; fileRef = 80126D44202E413600B3CFAB /* LaunchScreen.storyboard */; };
		80126D51202E413600B3CFAB /* PDIappTests.swift in Sources */ = {isa = PBXBuildFile; fileRef = 80126D50202E413600B3CFAB /* PDIappTests.swift */; };
		80126D5C202E413600B3CFAB /* PDIappUITests.swift in Sources */ = {isa = PBXBuildFile; fileRef = 80126D5B202E413600B3CFAB /* PDIappUITests.swift */; };
		80126D8B202E472000B3CFAB /* Machine.swift in Sources */ = {isa = PBXBuildFile; fileRef = 80126D8A202E472000B3CFAB /* Machine.swift */; };
		80126E0F202FA15B00B3CFAB /* PDIViewController.swift in Sources */ = {isa = PBXBuildFile; fileRef = 80126E0E202FA15B00B3CFAB /* PDIViewController.swift */; };
		80126E11202FA1B900B3CFAB /* FuelConsumptionViewController.swift in Sources */ = {isa = PBXBuildFile; fileRef = 80126E10202FA1B900B3CFAB /* FuelConsumptionViewController.swift */; };
		80126E13202FA23E00B3CFAB /* PDI.swift in Sources */ = {isa = PBXBuildFile; fileRef = 80126E12202FA23E00B3CFAB /* PDI.swift */; };
		80126E15202FA2A600B3CFAB /* Checkpoint.swift in Sources */ = {isa = PBXBuildFile; fileRef = 80126E14202FA2A600B3CFAB /* Checkpoint.swift */; };
		80126E1E2031E4F900B3CFAB /* FinalFCViewController.swift in Sources */ = {isa = PBXBuildFile; fileRef = 80126E1D2031E4F900B3CFAB /* FinalFCViewController.swift */; };
		80126E202031E72D00B3CFAB /* batteryViewController.swift in Sources */ = {isa = PBXBuildFile; fileRef = 80126E1F2031E72D00B3CFAB /* batteryViewController.swift */; };
		801271B62032281600B3CFAB /* SQLite.framework in Frameworks */ = {isa = PBXBuildFile; fileRef = 801271A82032280100B3CFAB /* SQLite.framework */; };
		801271B72032281600B3CFAB /* SQLite.framework in Embed Frameworks */ = {isa = PBXBuildFile; fileRef = 801271A82032280100B3CFAB /* SQLite.framework */; settings = {ATTRIBUTES = (CodeSignOnCopy, RemoveHeadersOnCopy, ); }; };
		8013C65A203B22F8002B9D9E /* macComm.txt in Resources */ = {isa = PBXBuildFile; fileRef = 8013C653203B22F8002B9D9E /* macComm.txt */; };
		801E5D462077E999000D871F /* CameraHandler.swift in Sources */ = {isa = PBXBuildFile; fileRef = 801E5D452077E999000D871F /* CameraHandler.swift */; };
		801E5D4820780FFA000D871F /* ContainerViewController.swift in Sources */ = {isa = PBXBuildFile; fileRef = 801E5D4720780FFA000D871F /* ContainerViewController.swift */; };
		801E5D4C207B9DB8000D871F /* PDIView.swift in Sources */ = {isa = PBXBuildFile; fileRef = 801E5D4B207B9DB8000D871F /* PDIView.swift */; };
		802405E5206D55BD00E35E8D /* RedesignedVariantsViewController.swift in Sources */ = {isa = PBXBuildFile; fileRef = 802405E4206D55BD00E35E8D /* RedesignedVariantsViewController.swift */; };
		80262749203B271F00D15EF5 /* userInfo.txt in Resources */ = {isa = PBXBuildFile; fileRef = 80262742203B271F00D15EF5 /* userInfo.txt */; };
		802F04E5204DAC6F00824134 /* MongoKitten.framework in Frameworks */ = {isa = PBXBuildFile; fileRef = 802F04D6204DAC6100824134 /* MongoKitten.framework */; settings = {ATTRIBUTES = (Required, ); }; };
		802F04E6204DAC6F00824134 /* MongoKitten.framework in Embed Frameworks */ = {isa = PBXBuildFile; fileRef = 802F04D6204DAC6100824134 /* MongoKitten.framework */; settings = {ATTRIBUTES = (CodeSignOnCopy, RemoveHeadersOnCopy, ); }; };
		805F6BF52056BF4900C34C95 /* SkippedPopUpViewController.swift in Sources */ = {isa = PBXBuildFile; fileRef = 805F6BF42056BF4900C34C95 /* SkippedPopUpViewController.swift */; };
		805F6C042056ED8E00C34C95 /* TextEntryPopUpViewController.swift in Sources */ = {isa = PBXBuildFile; fileRef = 805F6C032056ED8E00C34C95 /* TextEntryPopUpViewController.swift */; };
		807FA1B22052DCE800A14156 /* BSON.framework in Frameworks */ = {isa = PBXBuildFile; fileRef = 802F04E4204DAC6100824134 /* BSON.framework */; };
		807FA1B32052DCE800A14156 /* BSON.framework in Embed Frameworks */ = {isa = PBXBuildFile; fileRef = 802F04E4204DAC6100824134 /* BSON.framework */; settings = {ATTRIBUTES = (CodeSignOnCopy, RemoveHeadersOnCopy, ); }; };
		807FA1BC2052DD1400A14156 /* ExtendedJSON.framework in Frameworks */ = {isa = PBXBuildFile; fileRef = 802F04DC204DAC6100824134 /* ExtendedJSON.framework */; };
		807FA1BD2052DD1400A14156 /* ExtendedJSON.framework in Embed Frameworks */ = {isa = PBXBuildFile; fileRef = 802F04DC204DAC6100824134 /* ExtendedJSON.framework */; settings = {ATTRIBUTES = (CodeSignOnCopy, RemoveHeadersOnCopy, ); }; };
		807FA1C02052DD1A00A14156 /* GeoJSON.framework in Frameworks */ = {isa = PBXBuildFile; fileRef = 802F04DA204DAC6100824134 /* GeoJSON.framework */; };
		807FA1C12052DD1A00A14156 /* GeoJSON.framework in Embed Frameworks */ = {isa = PBXBuildFile; fileRef = 802F04DA204DAC6100824134 /* GeoJSON.framework */; settings = {ATTRIBUTES = (CodeSignOnCopy, RemoveHeadersOnCopy, ); }; };
		807FA1C42052DD1E00A14156 /* Cheetah.framework in Frameworks */ = {isa = PBXBuildFile; fileRef = 802F04E2204DAC6100824134 /* Cheetah.framework */; };
		807FA1C52052DD1E00A14156 /* Cheetah.framework in Embed Frameworks */ = {isa = PBXBuildFile; fileRef = 802F04E2204DAC6100824134 /* Cheetah.framework */; settings = {ATTRIBUTES = (CodeSignOnCopy, RemoveHeadersOnCopy, ); }; };
		807FA1C82052DD2200A14156 /* CryptoKitten.framework in Frameworks */ = {isa = PBXBuildFile; fileRef = 802F04E0204DAC6100824134 /* CryptoKitten.framework */; };
		807FA1C92052DD2200A14156 /* CryptoKitten.framework in Embed Frameworks */ = {isa = PBXBuildFile; fileRef = 802F04E0204DAC6100824134 /* CryptoKitten.framework */; settings = {ATTRIBUTES = (CodeSignOnCopy, RemoveHeadersOnCopy, ); }; };
		807FA1CC2052DD2600A14156 /* Schrodinger.framework in Frameworks */ = {isa = PBXBuildFile; fileRef = 802F04DE204DAC6100824134 /* Schrodinger.framework */; };
		807FA1CD2052DD2600A14156 /* Schrodinger.framework in Embed Frameworks */ = {isa = PBXBuildFile; fileRef = 802F04DE204DAC6100824134 /* Schrodinger.framework */; settings = {ATTRIBUTES = (CodeSignOnCopy, RemoveHeadersOnCopy, ); }; };
		807FA1D02052DD2A00A14156 /* MongoSocket.framework in Frameworks */ = {isa = PBXBuildFile; fileRef = 802F04D8204DAC6100824134 /* MongoSocket.framework */; };
		807FA1D12052DD2A00A14156 /* MongoSocket.framework in Embed Frameworks */ = {isa = PBXBuildFile; fileRef = 802F04D8204DAC6100824134 /* MongoSocket.framework */; settings = {ATTRIBUTES = (CodeSignOnCopy, RemoveHeadersOnCopy, ); }; };
		807FA1D42052DD2F00A14156 /* MyTarget.framework in Frameworks */ = {isa = PBXBuildFile; fileRef = 802F04D4204DAC6100824134 /* MyTarget.framework */; };
		807FA1D52052DD2F00A14156 /* MyTarget.framework in Embed Frameworks */ = {isa = PBXBuildFile; fileRef = 802F04D4204DAC6100824134 /* MyTarget.framework */; settings = {ATTRIBUTES = (CodeSignOnCopy, RemoveHeadersOnCopy, ); }; };
		807FA1D92052DE5500A14156 /* userInfoLoc.txt in Resources */ = {isa = PBXBuildFile; fileRef = 807FA1D82052DE5500A14156 /* userInfoLoc.txt */; };
		807FA1DC2052F9B100A14156 /* LaunchViewController.swift in Sources */ = {isa = PBXBuildFile; fileRef = 807FA1DB2052F9B100A14156 /* LaunchViewController.swift */; };
		807FA1E0205306F200A14156 /* TextPopUpViewController.swift in Sources */ = {isa = PBXBuildFile; fileRef = 807FA1DF205306F200A14156 /* TextPopUpViewController.swift */; };
		807FA1E220531ED200A14156 /* port.swift in Sources */ = {isa = PBXBuildFile; fileRef = 807FA1E120531ED200A14156 /* port.swift */; };
		80E235D5203DD08A0002E716 /* Variant.swift in Sources */ = {isa = PBXBuildFile; fileRef = 80E235D4203DD08A0002E716 /* Variant.swift */; };
		80E235DB203E0E100002E716 /* OMViewController.swift in Sources */ = {isa = PBXBuildFile; fileRef = 80E235DA203E0E100002E716 /* OMViewController.swift */; };
		80E235DD203E0E240002E716 /* VariantsViewController.swift in Sources */ = {isa = PBXBuildFile; fileRef = 80E235DC203E0E240002E716 /* VariantsViewController.swift */; };
		80E3DF0020444F2F0048F657 /* PopUpViewController.swift in Sources */ = {isa = PBXBuildFile; fileRef = 80E3DEFF20444F2F0048F657 /* PopUpViewController.swift */; };
		80EE1B7F205978D400F327C1 /* Text2ButtonPopUpViewController.swift in Sources */ = {isa = PBXBuildFile; fileRef = 80EE1B7E205978D400F327C1 /* Text2ButtonPopUpViewController.swift */; };
/* End PBXBuildFile section */

/* Begin PBXBuildRule section */
		80F7710F20752073005CD1D9 /* PBXBuildRule */ = {
			isa = PBXBuildRule;
			compilerSpec = com.apple.compilers.proxy.script;
			fileType = pattern.proxy;
			isEditable = 1;
			outputFiles = (
			);
			script = "";
		};
/* End PBXBuildRule section */

/* Begin PBXContainerItemProxy section */
		80126D4D202E413600B3CFAB /* PBXContainerItemProxy */ = {
			isa = PBXContainerItemProxy;
			containerPortal = 80126D30202E413500B3CFAB /* Project object */;
			proxyType = 1;
			remoteGlobalIDString = 80126D37202E413500B3CFAB;
			remoteInfo = PDIapp;
		};
		80126D58202E413600B3CFAB /* PBXContainerItemProxy */ = {
			isa = PBXContainerItemProxy;
			containerPortal = 80126D30202E413500B3CFAB /* Project object */;
			proxyType = 1;
			remoteGlobalIDString = 80126D37202E413500B3CFAB;
			remoteInfo = PDIapp;
		};
		801271A72032280100B3CFAB /* PBXContainerItemProxy */ = {
			isa = PBXContainerItemProxy;
			containerPortal = 8012719D2032280100B3CFAB /* SQLite.xcodeproj */;
			proxyType = 2;
			remoteGlobalIDString = EE247AD31C3F04ED00AE3E12;
			remoteInfo = "SQLite iOS";
		};
		801271A92032280100B3CFAB /* PBXContainerItemProxy */ = {
			isa = PBXContainerItemProxy;
			containerPortal = 8012719D2032280100B3CFAB /* SQLite.xcodeproj */;
			proxyType = 2;
			remoteGlobalIDString = EE247ADD1C3F04ED00AE3E12;
			remoteInfo = "SQLiteTests iOS";
		};
		801271AB2032280100B3CFAB /* PBXContainerItemProxy */ = {
			isa = PBXContainerItemProxy;
			containerPortal = 8012719D2032280100B3CFAB /* SQLite.xcodeproj */;
			proxyType = 2;
			remoteGlobalIDString = EE247B3C1C3F3ED000AE3E12;
			remoteInfo = "SQLite Mac";
		};
		801271AD2032280100B3CFAB /* PBXContainerItemProxy */ = {
			isa = PBXContainerItemProxy;
			containerPortal = 8012719D2032280100B3CFAB /* SQLite.xcodeproj */;
			proxyType = 2;
			remoteGlobalIDString = EE247B451C3F3ED000AE3E12;
			remoteInfo = "SQLiteTests Mac";
		};
		801271AF2032280100B3CFAB /* PBXContainerItemProxy */ = {
			isa = PBXContainerItemProxy;
			containerPortal = 8012719D2032280100B3CFAB /* SQLite.xcodeproj */;
			proxyType = 2;
			remoteGlobalIDString = 03A65E5A1C6BB0F50062603F;
			remoteInfo = "SQLite tvOS";
		};
		801271B12032280100B3CFAB /* PBXContainerItemProxy */ = {
			isa = PBXContainerItemProxy;
			containerPortal = 8012719D2032280100B3CFAB /* SQLite.xcodeproj */;
			proxyType = 2;
			remoteGlobalIDString = 03A65E631C6BB0F60062603F;
			remoteInfo = "SQLiteTests tvOS";
		};
		801271B32032280100B3CFAB /* PBXContainerItemProxy */ = {
			isa = PBXContainerItemProxy;
			containerPortal = 8012719D2032280100B3CFAB /* SQLite.xcodeproj */;
			proxyType = 2;
			remoteGlobalIDString = A121AC451CA35C79005A31D1;
			remoteInfo = "SQLite watchOS";
		};
		801271B82032281600B3CFAB /* PBXContainerItemProxy */ = {
			isa = PBXContainerItemProxy;
			containerPortal = 8012719D2032280100B3CFAB /* SQLite.xcodeproj */;
			proxyType = 1;
			remoteGlobalIDString = EE247AD21C3F04ED00AE3E12;
			remoteInfo = "SQLite iOS";
		};
		802F04D1204DAC6100824134 /* PBXContainerItemProxy */ = {
			isa = PBXContainerItemProxy;
			containerPortal = 802F04BE204DAC6000824134 /* MKFrame.xcodeproj */;
			proxyType = 2;
			remoteGlobalIDString = "MKFrame::MKFrame::Product";
			remoteInfo = MKFrame;
		};
		802F04D3204DAC6100824134 /* PBXContainerItemProxy */ = {
			isa = PBXContainerItemProxy;
			containerPortal = 802F04BE204DAC6000824134 /* MKFrame.xcodeproj */;
			proxyType = 2;
			remoteGlobalIDString = "MKFrame::MyTarget::Product";
			remoteInfo = MyTarget;
		};
		802F04D5204DAC6100824134 /* PBXContainerItemProxy */ = {
			isa = PBXContainerItemProxy;
			containerPortal = 802F04BE204DAC6000824134 /* MKFrame.xcodeproj */;
			proxyType = 2;
			remoteGlobalIDString = "MongoKitten::MongoKitten::Product";
			remoteInfo = MongoKitten;
		};
		802F04D7204DAC6100824134 /* PBXContainerItemProxy */ = {
			isa = PBXContainerItemProxy;
			containerPortal = 802F04BE204DAC6000824134 /* MKFrame.xcodeproj */;
			proxyType = 2;
			remoteGlobalIDString = "MongoKitten::MongoSocket::Product";
			remoteInfo = MongoSocket;
		};
		802F04D9204DAC6100824134 /* PBXContainerItemProxy */ = {
			isa = PBXContainerItemProxy;
			containerPortal = 802F04BE204DAC6000824134 /* MKFrame.xcodeproj */;
			proxyType = 2;
			remoteGlobalIDString = "MongoKitten::GeoJSON::Product";
			remoteInfo = GeoJSON;
		};
		802F04DB204DAC6100824134 /* PBXContainerItemProxy */ = {
			isa = PBXContainerItemProxy;
			containerPortal = 802F04BE204DAC6000824134 /* MKFrame.xcodeproj */;
			proxyType = 2;
			remoteGlobalIDString = "MongoKitten::ExtendedJSON::Product";
			remoteInfo = ExtendedJSON;
		};
		802F04DD204DAC6100824134 /* PBXContainerItemProxy */ = {
			isa = PBXContainerItemProxy;
			containerPortal = 802F04BE204DAC6000824134 /* MKFrame.xcodeproj */;
			proxyType = 2;
			remoteGlobalIDString = "Schrodinger::Schrodinger::Product";
			remoteInfo = Schrodinger;
		};
		802F04DF204DAC6100824134 /* PBXContainerItemProxy */ = {
			isa = PBXContainerItemProxy;
			containerPortal = 802F04BE204DAC6000824134 /* MKFrame.xcodeproj */;
			proxyType = 2;
			remoteGlobalIDString = "CryptoKitten::CryptoKitten::Product";
			remoteInfo = CryptoKitten;
		};
		802F04E1204DAC6100824134 /* PBXContainerItemProxy */ = {
			isa = PBXContainerItemProxy;
			containerPortal = 802F04BE204DAC6000824134 /* MKFrame.xcodeproj */;
			proxyType = 2;
			remoteGlobalIDString = "Cheetah::Cheetah::Product";
			remoteInfo = Cheetah;
		};
		802F04E3204DAC6100824134 /* PBXContainerItemProxy */ = {
			isa = PBXContainerItemProxy;
			containerPortal = 802F04BE204DAC6000824134 /* MKFrame.xcodeproj */;
			proxyType = 2;
			remoteGlobalIDString = "BSON::BSON::Product";
			remoteInfo = BSON;
		};
		802F04E7204DAC6F00824134 /* PBXContainerItemProxy */ = {
			isa = PBXContainerItemProxy;
			containerPortal = 802F04BE204DAC6000824134 /* MKFrame.xcodeproj */;
			proxyType = 1;
			remoteGlobalIDString = "MongoKitten::MongoKitten";
			remoteInfo = MongoKitten;
		};
		807FA1B42052DCE800A14156 /* PBXContainerItemProxy */ = {
			isa = PBXContainerItemProxy;
			containerPortal = 802F04BE204DAC6000824134 /* MKFrame.xcodeproj */;
			proxyType = 1;
			remoteGlobalIDString = "BSON::BSON";
			remoteInfo = BSON;
		};
		807FA1BE2052DD1400A14156 /* PBXContainerItemProxy */ = {
			isa = PBXContainerItemProxy;
			containerPortal = 802F04BE204DAC6000824134 /* MKFrame.xcodeproj */;
			proxyType = 1;
			remoteGlobalIDString = "MongoKitten::ExtendedJSON";
			remoteInfo = ExtendedJSON;
		};
		807FA1C22052DD1A00A14156 /* PBXContainerItemProxy */ = {
			isa = PBXContainerItemProxy;
			containerPortal = 802F04BE204DAC6000824134 /* MKFrame.xcodeproj */;
			proxyType = 1;
			remoteGlobalIDString = "MongoKitten::GeoJSON";
			remoteInfo = GeoJSON;
		};
		807FA1C62052DD1E00A14156 /* PBXContainerItemProxy */ = {
			isa = PBXContainerItemProxy;
			containerPortal = 802F04BE204DAC6000824134 /* MKFrame.xcodeproj */;
			proxyType = 1;
			remoteGlobalIDString = "Cheetah::Cheetah";
			remoteInfo = Cheetah;
		};
		807FA1CA2052DD2200A14156 /* PBXContainerItemProxy */ = {
			isa = PBXContainerItemProxy;
			containerPortal = 802F04BE204DAC6000824134 /* MKFrame.xcodeproj */;
			proxyType = 1;
			remoteGlobalIDString = "CryptoKitten::CryptoKitten";
			remoteInfo = CryptoKitten;
		};
		807FA1CE2052DD2600A14156 /* PBXContainerItemProxy */ = {
			isa = PBXContainerItemProxy;
			containerPortal = 802F04BE204DAC6000824134 /* MKFrame.xcodeproj */;
			proxyType = 1;
			remoteGlobalIDString = "Schrodinger::Schrodinger";
			remoteInfo = Schrodinger;
		};
		807FA1D22052DD2A00A14156 /* PBXContainerItemProxy */ = {
			isa = PBXContainerItemProxy;
			containerPortal = 802F04BE204DAC6000824134 /* MKFrame.xcodeproj */;
			proxyType = 1;
			remoteGlobalIDString = "MongoKitten::MongoSocket";
			remoteInfo = MongoSocket;
		};
		807FA1D62052DD2F00A14156 /* PBXContainerItemProxy */ = {
			isa = PBXContainerItemProxy;
			containerPortal = 802F04BE204DAC6000824134 /* MKFrame.xcodeproj */;
			proxyType = 1;
			remoteGlobalIDString = "MKFrame::MyTarget";
			remoteInfo = MyTarget;
		};
/* End PBXContainerItemProxy section */

/* Begin PBXCopyFilesBuildPhase section */
		80126D87202E41EB00B3CFAB /* Embed Frameworks */ = {
			isa = PBXCopyFilesBuildPhase;
			buildActionMask = 2147483647;
			dstPath = "";
			dstSubfolderSpec = 10;
			files = (
				802F04E6204DAC6F00824134 /* MongoKitten.framework in Embed Frameworks */,
				807FA1CD2052DD2600A14156 /* Schrodinger.framework in Embed Frameworks */,
				807FA1C92052DD2200A14156 /* CryptoKitten.framework in Embed Frameworks */,
				807FA1BD2052DD1400A14156 /* ExtendedJSON.framework in Embed Frameworks */,
				801271B72032281600B3CFAB /* SQLite.framework in Embed Frameworks */,
				807FA1C52052DD1E00A14156 /* Cheetah.framework in Embed Frameworks */,
				807FA1B32052DCE800A14156 /* BSON.framework in Embed Frameworks */,
				807FA1D52052DD2F00A14156 /* MyTarget.framework in Embed Frameworks */,
				807FA1C12052DD1A00A14156 /* GeoJSON.framework in Embed Frameworks */,
				807FA1D12052DD2A00A14156 /* MongoSocket.framework in Embed Frameworks */,
			);
			name = "Embed Frameworks";
			runOnlyForDeploymentPostprocessing = 0;
		};
/* End PBXCopyFilesBuildPhase section */

/* Begin PBXFileReference section */
		800631C2206019C500AFDE76 /* newIssuesPopUpViewController.swift */ = {isa = PBXFileReference; lastKnownFileType = sourcecode.swift; path = newIssuesPopUpViewController.swift; sourceTree = "<group>"; };
		800631D120601B2E00AFDE76 /* Issue.swift */ = {isa = PBXFileReference; lastKnownFileType = sourcecode.swift; path = Issue.swift; sourceTree = "<group>"; };
		800631D62062C38500AFDE76 /* AddIssuePopUpViewController.swift */ = {isa = PBXFileReference; lastKnownFileType = sourcecode.swift; path = AddIssuePopUpViewController.swift; sourceTree = "<group>"; };
		800631DA20657AF000AFDE76 /* SkippedVariant.swift */ = {isa = PBXFileReference; lastKnownFileType = sourcecode.swift; path = SkippedVariant.swift; sourceTree = "<group>"; };
		800631E920657AFF00AFDE76 /* SkippedCheckpoint.swift */ = {isa = PBXFileReference; lastKnownFileType = sourcecode.swift; path = SkippedCheckpoint.swift; sourceTree = "<group>"; };
		800631EB206957A200AFDE76 /* LoadingViewController.swift */ = {isa = PBXFileReference; lastKnownFileType = sourcecode.swift; path = LoadingViewController.swift; sourceTree = "<group>"; };
		800631ED206957ED00AFDE76 /* LoadingView.swift */ = {isa = PBXFileReference; lastKnownFileType = sourcecode.swift; path = LoadingView.swift; sourceTree = "<group>"; };
		800631EF2069832400AFDE76 /* OM.swift */ = {isa = PBXFileReference; lastKnownFileType = sourcecode.swift; path = OM.swift; sourceTree = "<group>"; };
		80126D38202E413500B3CFAB /* PDIapp.app */ = {isa = PBXFileReference; explicitFileType = wrapper.application; includeInIndex = 0; path = PDIapp.app; sourceTree = BUILT_PRODUCTS_DIR; };
		80126D3B202E413600B3CFAB /* AppDelegate.swift */ = {isa = PBXFileReference; lastKnownFileType = sourcecode.swift; path = AppDelegate.swift; sourceTree = "<group>"; };
		80126D3D202E413600B3CFAB /* ViewController.swift */ = {isa = PBXFileReference; lastKnownFileType = sourcecode.swift; path = ViewController.swift; sourceTree = "<group>"; };
		80126D40202E413600B3CFAB /* Base */ = {isa = PBXFileReference; lastKnownFileType = file.storyboard; name = Base; path = Base.lproj/Main.storyboard; sourceTree = "<group>"; };
		80126D42202E413600B3CFAB /* Assets.xcassets */ = {isa = PBXFileReference; lastKnownFileType = folder.assetcatalog; path = Assets.xcassets; sourceTree = "<group>"; };
		80126D45202E413600B3CFAB /* Base */ = {isa = PBXFileReference; lastKnownFileType = file.storyboard; name = Base; path = Base.lproj/LaunchScreen.storyboard; sourceTree = "<group>"; };
		80126D47202E413600B3CFAB /* Info.plist */ = {isa = PBXFileReference; lastKnownFileType = text.plist.xml; path = Info.plist; sourceTree = "<group>"; };
		80126D4C202E413600B3CFAB /* PDIappTests.xctest */ = {isa = PBXFileReference; explicitFileType = wrapper.cfbundle; includeInIndex = 0; path = PDIappTests.xctest; sourceTree = BUILT_PRODUCTS_DIR; };
		80126D50202E413600B3CFAB /* PDIappTests.swift */ = {isa = PBXFileReference; lastKnownFileType = sourcecode.swift; path = PDIappTests.swift; sourceTree = "<group>"; };
		80126D52202E413600B3CFAB /* Info.plist */ = {isa = PBXFileReference; lastKnownFileType = text.plist.xml; path = Info.plist; sourceTree = "<group>"; };
		80126D57202E413600B3CFAB /* PDIappUITests.xctest */ = {isa = PBXFileReference; explicitFileType = wrapper.cfbundle; includeInIndex = 0; path = PDIappUITests.xctest; sourceTree = BUILT_PRODUCTS_DIR; };
		80126D5B202E413600B3CFAB /* PDIappUITests.swift */ = {isa = PBXFileReference; lastKnownFileType = sourcecode.swift; path = PDIappUITests.swift; sourceTree = "<group>"; };
		80126D5D202E413600B3CFAB /* Info.plist */ = {isa = PBXFileReference; lastKnownFileType = text.plist.xml; path = Info.plist; sourceTree = "<group>"; };
		80126D8A202E472000B3CFAB /* Machine.swift */ = {isa = PBXFileReference; lastKnownFileType = sourcecode.swift; path = Machine.swift; sourceTree = "<group>"; };
		80126E0E202FA15B00B3CFAB /* PDIViewController.swift */ = {isa = PBXFileReference; lastKnownFileType = sourcecode.swift; path = PDIViewController.swift; sourceTree = "<group>"; };
		80126E10202FA1B900B3CFAB /* FuelConsumptionViewController.swift */ = {isa = PBXFileReference; lastKnownFileType = sourcecode.swift; path = FuelConsumptionViewController.swift; sourceTree = "<group>"; };
		80126E12202FA23E00B3CFAB /* PDI.swift */ = {isa = PBXFileReference; lastKnownFileType = sourcecode.swift; path = PDI.swift; sourceTree = "<group>"; };
		80126E14202FA2A600B3CFAB /* Checkpoint.swift */ = {isa = PBXFileReference; lastKnownFileType = sourcecode.swift; path = Checkpoint.swift; sourceTree = "<group>"; };
		80126E1D2031E4F900B3CFAB /* FinalFCViewController.swift */ = {isa = PBXFileReference; lastKnownFileType = sourcecode.swift; path = FinalFCViewController.swift; sourceTree = "<group>"; };
		80126E1F2031E72D00B3CFAB /* batteryViewController.swift */ = {isa = PBXFileReference; lastKnownFileType = sourcecode.swift; path = batteryViewController.swift; sourceTree = "<group>"; };
		8012719D2032280100B3CFAB /* SQLite.xcodeproj */ = {isa = PBXFileReference; lastKnownFileType = "wrapper.pb-project"; name = SQLite.xcodeproj; path = "../SQLite.swift-master/SQLite.xcodeproj"; sourceTree = "<group>"; };
		801271D420374A1600B3CFAB /* PDIapp-Bridging-Header.h */ = {isa = PBXFileReference; lastKnownFileType = sourcecode.c.h; path = "PDIapp-Bridging-Header.h"; sourceTree = "<group>"; };
		8013C653203B22F8002B9D9E /* macComm.txt */ = {isa = PBXFileReference; fileEncoding = 4; lastKnownFileType = text; path = macComm.txt; sourceTree = "<group>"; };
		801E5D452077E999000D871F /* CameraHandler.swift */ = {isa = PBXFileReference; lastKnownFileType = sourcecode.swift; path = CameraHandler.swift; sourceTree = "<group>"; };
		801E5D4720780FFA000D871F /* ContainerViewController.swift */ = {isa = PBXFileReference; lastKnownFileType = sourcecode.swift; path = ContainerViewController.swift; sourceTree = "<group>"; };
		801E5D4B207B9DB8000D871F /* PDIView.swift */ = {isa = PBXFileReference; lastKnownFileType = sourcecode.swift; path = PDIView.swift; sourceTree = "<group>"; };
		802405E4206D55BD00E35E8D /* RedesignedVariantsViewController.swift */ = {isa = PBXFileReference; lastKnownFileType = sourcecode.swift; path = RedesignedVariantsViewController.swift; sourceTree = "<group>"; };
		80262742203B271F00D15EF5 /* userInfo.txt */ = {isa = PBXFileReference; fileEncoding = 4; lastKnownFileType = text; path = userInfo.txt; sourceTree = "<group>"; };
		802F04BE204DAC6000824134 /* MKFrame.xcodeproj */ = {isa = PBXFileReference; lastKnownFileType = "wrapper.pb-project"; name = MKFrame.xcodeproj; path = MKFrame/MKFrame.xcodeproj; sourceTree = "<group>"; };
		805F6BF42056BF4900C34C95 /* SkippedPopUpViewController.swift */ = {isa = PBXFileReference; lastKnownFileType = sourcecode.swift; path = SkippedPopUpViewController.swift; sourceTree = "<group>"; };
		805F6C032056ED8E00C34C95 /* TextEntryPopUpViewController.swift */ = {isa = PBXFileReference; lastKnownFileType = sourcecode.swift; path = TextEntryPopUpViewController.swift; sourceTree = "<group>"; };
		807FA1D82052DE5500A14156 /* userInfoLoc.txt */ = {isa = PBXFileReference; lastKnownFileType = text; path = userInfoLoc.txt; sourceTree = "<group>"; };
		807FA1DB2052F9B100A14156 /* LaunchViewController.swift */ = {isa = PBXFileReference; lastKnownFileType = sourcecode.swift; path = LaunchViewController.swift; sourceTree = "<group>"; };
		807FA1DF205306F200A14156 /* TextPopUpViewController.swift */ = {isa = PBXFileReference; lastKnownFileType = sourcecode.swift; path = TextPopUpViewController.swift; sourceTree = "<group>"; };
		807FA1E120531ED200A14156 /* port.swift */ = {isa = PBXFileReference; lastKnownFileType = sourcecode.swift; path = port.swift; sourceTree = "<group>"; };
		80E235D4203DD08A0002E716 /* Variant.swift */ = {isa = PBXFileReference; lastKnownFileType = sourcecode.swift; path = Variant.swift; sourceTree = "<group>"; };
		80E235DA203E0E100002E716 /* OMViewController.swift */ = {isa = PBXFileReference; lastKnownFileType = sourcecode.swift; path = OMViewController.swift; sourceTree = "<group>"; };
		80E235DC203E0E240002E716 /* VariantsViewController.swift */ = {isa = PBXFileReference; lastKnownFileType = sourcecode.swift; path = VariantsViewController.swift; sourceTree = "<group>"; };
		80E3DEFF20444F2F0048F657 /* PopUpViewController.swift */ = {isa = PBXFileReference; lastKnownFileType = sourcecode.swift; path = PopUpViewController.swift; sourceTree = "<group>"; };
		80EE1B7E205978D400F327C1 /* Text2ButtonPopUpViewController.swift */ = {isa = PBXFileReference; lastKnownFileType = sourcecode.swift; path = Text2ButtonPopUpViewController.swift; sourceTree = "<group>"; };
/* End PBXFileReference section */

/* Begin PBXFrameworksBuildPhase section */
		80126D35202E413500B3CFAB /* Frameworks */ = {
			isa = PBXFrameworksBuildPhase;
			buildActionMask = 2147483647;
			files = (
				807FA1CC2052DD2600A14156 /* Schrodinger.framework in Frameworks */,
				807FA1B22052DCE800A14156 /* BSON.framework in Frameworks */,
				807FA1D02052DD2A00A14156 /* MongoSocket.framework in Frameworks */,
				807FA1C42052DD1E00A14156 /* Cheetah.framework in Frameworks */,
				807FA1C82052DD2200A14156 /* CryptoKitten.framework in Frameworks */,
				807FA1BC2052DD1400A14156 /* ExtendedJSON.framework in Frameworks */,
				807FA1C02052DD1A00A14156 /* GeoJSON.framework in Frameworks */,
				807FA1D42052DD2F00A14156 /* MyTarget.framework in Frameworks */,
				802F04E5204DAC6F00824134 /* MongoKitten.framework in Frameworks */,
				801271B62032281600B3CFAB /* SQLite.framework in Frameworks */,
			);
			runOnlyForDeploymentPostprocessing = 0;
		};
		80126D49202E413600B3CFAB /* Frameworks */ = {
			isa = PBXFrameworksBuildPhase;
			buildActionMask = 2147483647;
			files = (
			);
			runOnlyForDeploymentPostprocessing = 0;
		};
		80126D54202E413600B3CFAB /* Frameworks */ = {
			isa = PBXFrameworksBuildPhase;
			buildActionMask = 2147483647;
			files = (
			);
			runOnlyForDeploymentPostprocessing = 0;
		};
/* End PBXFrameworksBuildPhase section */

/* Begin PBXGroup section */
		80126D2F202E413500B3CFAB = {
			isa = PBXGroup;
			children = (
				802F04BE204DAC6000824134 /* MKFrame.xcodeproj */,
				8012719D2032280100B3CFAB /* SQLite.xcodeproj */,
				80126D3A202E413500B3CFAB /* PDIapp */,
				80126D4F202E413600B3CFAB /* PDIappTests */,
				80126D5A202E413600B3CFAB /* PDIappUITests */,
				80126D39202E413500B3CFAB /* Products */,
				80126D81202E41E600B3CFAB /* Frameworks */,
			);
			sourceTree = "<group>";
		};
		80126D39202E413500B3CFAB /* Products */ = {
			isa = PBXGroup;
			children = (
				80126D38202E413500B3CFAB /* PDIapp.app */,
				80126D4C202E413600B3CFAB /* PDIappTests.xctest */,
				80126D57202E413600B3CFAB /* PDIappUITests.xctest */,
			);
			name = Products;
			sourceTree = "<group>";
		};
		80126D3A202E413500B3CFAB /* PDIapp */ = {
			isa = PBXGroup;
			children = (
				801271D420374A1600B3CFAB /* PDIapp-Bridging-Header.h */,
				80126D3B202E413600B3CFAB /* AppDelegate.swift */,
				80126D3D202E413600B3CFAB /* ViewController.swift */,
				800631D120601B2E00AFDE76 /* Issue.swift */,
				807FA1E120531ED200A14156 /* port.swift */,
				80126D3F202E413600B3CFAB /* Main.storyboard */,
				801E5D4B207B9DB8000D871F /* PDIView.swift */,
				801E5D4720780FFA000D871F /* ContainerViewController.swift */,
				801E5D452077E999000D871F /* CameraHandler.swift */,
				800631EF2069832400AFDE76 /* OM.swift */,
				800631ED206957ED00AFDE76 /* LoadingView.swift */,
				802405E4206D55BD00E35E8D /* RedesignedVariantsViewController.swift */,
				800631EB206957A200AFDE76 /* LoadingViewController.swift */,
				800631DA20657AF000AFDE76 /* SkippedVariant.swift */,
				800631E920657AFF00AFDE76 /* SkippedCheckpoint.swift */,
				800631D62062C38500AFDE76 /* AddIssuePopUpViewController.swift */,
				800631C2206019C500AFDE76 /* newIssuesPopUpViewController.swift */,
				80EE1B7E205978D400F327C1 /* Text2ButtonPopUpViewController.swift */,
				805F6C032056ED8E00C34C95 /* TextEntryPopUpViewController.swift */,
				805F6BF42056BF4900C34C95 /* SkippedPopUpViewController.swift */,
				807FA1DF205306F200A14156 /* TextPopUpViewController.swift */,
				80E3DEFF20444F2F0048F657 /* PopUpViewController.swift */,
				80126E1F2031E72D00B3CFAB /* batteryViewController.swift */,
				80126E1D2031E4F900B3CFAB /* FinalFCViewController.swift */,
				80E235DA203E0E100002E716 /* OMViewController.swift */,
				80E235DC203E0E240002E716 /* VariantsViewController.swift */,
				80126E10202FA1B900B3CFAB /* FuelConsumptionViewController.swift */,
				80E235D4203DD08A0002E716 /* Variant.swift */,
				80126E12202FA23E00B3CFAB /* PDI.swift */,
				80126E14202FA2A600B3CFAB /* Checkpoint.swift */,
				80126E0E202FA15B00B3CFAB /* PDIViewController.swift */,
				80126D8A202E472000B3CFAB /* Machine.swift */,
				80126D42202E413600B3CFAB /* Assets.xcassets */,
				80126D44202E413600B3CFAB /* LaunchScreen.storyboard */,
				807FA1DB2052F9B100A14156 /* LaunchViewController.swift */,
				80126D47202E413600B3CFAB /* Info.plist */,
				8013C653203B22F8002B9D9E /* macComm.txt */,
				80262742203B271F00D15EF5 /* userInfo.txt */,
				807FA1D82052DE5500A14156 /* userInfoLoc.txt */,
			);
			path = PDIapp;
			sourceTree = "<group>";
		};
		80126D4F202E413600B3CFAB /* PDIappTests */ = {
			isa = PBXGroup;
			children = (
				80126D50202E413600B3CFAB /* PDIappTests.swift */,
				80126D52202E413600B3CFAB /* Info.plist */,
			);
			path = PDIappTests;
			sourceTree = "<group>";
		};
		80126D5A202E413600B3CFAB /* PDIappUITests */ = {
			isa = PBXGroup;
			children = (
				80126D5B202E413600B3CFAB /* PDIappUITests.swift */,
				80126D5D202E413600B3CFAB /* Info.plist */,
			);
			path = PDIappUITests;
			sourceTree = "<group>";
		};
		80126D81202E41E600B3CFAB /* Frameworks */ = {
			isa = PBXGroup;
			children = (
			);
			name = Frameworks;
			sourceTree = "<group>";
		};
		8012719E2032280100B3CFAB /* Products */ = {
			isa = PBXGroup;
			children = (
				801271A82032280100B3CFAB /* SQLite.framework */,
				801271AA2032280100B3CFAB /* SQLiteTests iOS.xctest */,
				801271AC2032280100B3CFAB /* SQLite.framework */,
				801271AE2032280100B3CFAB /* SQLiteTests Mac.xctest */,
				801271B02032280100B3CFAB /* SQLite.framework */,
				801271B22032280100B3CFAB /* SQLiteTests tvOS.xctest */,
				801271B42032280100B3CFAB /* SQLite.framework */,
			);
			name = Products;
			sourceTree = "<group>";
		};
		802F04BF204DAC6000824134 /* Products */ = {
			isa = PBXGroup;
			children = (
				802F04D2204DAC6100824134 /* MKFrame */,
				802F04D4204DAC6100824134 /* MyTarget.framework */,
				802F04D6204DAC6100824134 /* MongoKitten.framework */,
				802F04D8204DAC6100824134 /* MongoSocket.framework */,
				802F04DA204DAC6100824134 /* GeoJSON.framework */,
				802F04DC204DAC6100824134 /* ExtendedJSON.framework */,
				802F04DE204DAC6100824134 /* Schrodinger.framework */,
				802F04E0204DAC6100824134 /* CryptoKitten.framework */,
				802F04E2204DAC6100824134 /* Cheetah.framework */,
				802F04E4204DAC6100824134 /* BSON.framework */,
			);
			name = Products;
			sourceTree = "<group>";
		};
/* End PBXGroup section */

/* Begin PBXNativeTarget section */
		80126D37202E413500B3CFAB /* PDIapp */ = {
			isa = PBXNativeTarget;
			buildConfigurationList = 80126D60202E413600B3CFAB /* Build configuration list for PBXNativeTarget "PDIapp" */;
			buildPhases = (
				80126D34202E413500B3CFAB /* Sources */,
				80126D35202E413500B3CFAB /* Frameworks */,
				80126D36202E413500B3CFAB /* Resources */,
				80126D87202E41EB00B3CFAB /* Embed Frameworks */,
			);
			buildRules = (
				80F7710F20752073005CD1D9 /* PBXBuildRule */,
			);
			dependencies = (
				801271B92032281600B3CFAB /* PBXTargetDependency */,
				802F04E8204DAC6F00824134 /* PBXTargetDependency */,
				807FA1B52052DCE800A14156 /* PBXTargetDependency */,
				807FA1BF2052DD1400A14156 /* PBXTargetDependency */,
				807FA1C32052DD1A00A14156 /* PBXTargetDependency */,
				807FA1C72052DD1E00A14156 /* PBXTargetDependency */,
				807FA1CB2052DD2200A14156 /* PBXTargetDependency */,
				807FA1CF2052DD2600A14156 /* PBXTargetDependency */,
				807FA1D32052DD2A00A14156 /* PBXTargetDependency */,
				807FA1D72052DD2F00A14156 /* PBXTargetDependency */,
			);
			name = PDIapp;
			productName = PDIapp;
			productReference = 80126D38202E413500B3CFAB /* PDIapp.app */;
			productType = "com.apple.product-type.application";
		};
		80126D4B202E413600B3CFAB /* PDIappTests */ = {
			isa = PBXNativeTarget;
			buildConfigurationList = 80126D63202E413600B3CFAB /* Build configuration list for PBXNativeTarget "PDIappTests" */;
			buildPhases = (
				80126D48202E413600B3CFAB /* Sources */,
				80126D49202E413600B3CFAB /* Frameworks */,
				80126D4A202E413600B3CFAB /* Resources */,
			);
			buildRules = (
			);
			dependencies = (
				80126D4E202E413600B3CFAB /* PBXTargetDependency */,
			);
			name = PDIappTests;
			productName = PDIappTests;
			productReference = 80126D4C202E413600B3CFAB /* PDIappTests.xctest */;
			productType = "com.apple.product-type.bundle.unit-test";
		};
		80126D56202E413600B3CFAB /* PDIappUITests */ = {
			isa = PBXNativeTarget;
			buildConfigurationList = 80126D66202E413600B3CFAB /* Build configuration list for PBXNativeTarget "PDIappUITests" */;
			buildPhases = (
				80126D53202E413600B3CFAB /* Sources */,
				80126D54202E413600B3CFAB /* Frameworks */,
				80126D55202E413600B3CFAB /* Resources */,
			);
			buildRules = (
			);
			dependencies = (
				80126D59202E413600B3CFAB /* PBXTargetDependency */,
			);
			name = PDIappUITests;
			productName = PDIappUITests;
			productReference = 80126D57202E413600B3CFAB /* PDIappUITests.xctest */;
			productType = "com.apple.product-type.bundle.ui-testing";
		};
/* End PBXNativeTarget section */

/* Begin PBXProject section */
		80126D30202E413500B3CFAB /* Project object */ = {
			isa = PBXProject;
			attributes = {
				LastSwiftUpdateCheck = 920;
				LastUpgradeCheck = 0930;
				ORGANIZATIONNAME = "Lauren Shultz";
				TargetAttributes = {
					80126D37202E413500B3CFAB = {
						CreatedOnToolsVersion = 9.2;
						LastSwiftMigration = 920;
						ProvisioningStyle = Automatic;
					};
					80126D4B202E413600B3CFAB = {
						CreatedOnToolsVersion = 9.2;
						ProvisioningStyle = Automatic;
						TestTargetID = 80126D37202E413500B3CFAB;
					};
					80126D56202E413600B3CFAB = {
						CreatedOnToolsVersion = 9.2;
						ProvisioningStyle = Automatic;
						TestTargetID = 80126D37202E413500B3CFAB;
					};
				};
			};
			buildConfigurationList = 80126D33202E413500B3CFAB /* Build configuration list for PBXProject "PDIapp" */;
			compatibilityVersion = "Xcode 8.0";
			developmentRegion = en;
			hasScannedForEncodings = 0;
			knownRegions = (
				en,
				Base,
			);
			mainGroup = 80126D2F202E413500B3CFAB;
			productRefGroup = 80126D39202E413500B3CFAB /* Products */;
			projectDirPath = "";
			projectReferences = (
				{
					ProductGroup = 802F04BF204DAC6000824134 /* Products */;
					ProjectRef = 802F04BE204DAC6000824134 /* MKFrame.xcodeproj */;
				},
				{
					ProductGroup = 8012719E2032280100B3CFAB /* Products */;
					ProjectRef = 8012719D2032280100B3CFAB /* SQLite.xcodeproj */;
				},
			);
			projectRoot = "";
			targets = (
				80126D37202E413500B3CFAB /* PDIapp */,
				80126D4B202E413600B3CFAB /* PDIappTests */,
				80126D56202E413600B3CFAB /* PDIappUITests */,
			);
		};
/* End PBXProject section */

/* Begin PBXReferenceProxy section */
		801271A82032280100B3CFAB /* SQLite.framework */ = {
			isa = PBXReferenceProxy;
			fileType = wrapper.framework;
			path = SQLite.framework;
			remoteRef = 801271A72032280100B3CFAB /* PBXContainerItemProxy */;
			sourceTree = BUILT_PRODUCTS_DIR;
		};
		801271AA2032280100B3CFAB /* SQLiteTests iOS.xctest */ = {
			isa = PBXReferenceProxy;
			fileType = wrapper.cfbundle;
			path = "SQLiteTests iOS.xctest";
			remoteRef = 801271A92032280100B3CFAB /* PBXContainerItemProxy */;
			sourceTree = BUILT_PRODUCTS_DIR;
		};
		801271AC2032280100B3CFAB /* SQLite.framework */ = {
			isa = PBXReferenceProxy;
			fileType = wrapper.framework;
			path = SQLite.framework;
			remoteRef = 801271AB2032280100B3CFAB /* PBXContainerItemProxy */;
			sourceTree = BUILT_PRODUCTS_DIR;
		};
		801271AE2032280100B3CFAB /* SQLiteTests Mac.xctest */ = {
			isa = PBXReferenceProxy;
			fileType = wrapper.cfbundle;
			path = "SQLiteTests Mac.xctest";
			remoteRef = 801271AD2032280100B3CFAB /* PBXContainerItemProxy */;
			sourceTree = BUILT_PRODUCTS_DIR;
		};
		801271B02032280100B3CFAB /* SQLite.framework */ = {
			isa = PBXReferenceProxy;
			fileType = wrapper.framework;
			path = SQLite.framework;
			remoteRef = 801271AF2032280100B3CFAB /* PBXContainerItemProxy */;
			sourceTree = BUILT_PRODUCTS_DIR;
		};
		801271B22032280100B3CFAB /* SQLiteTests tvOS.xctest */ = {
			isa = PBXReferenceProxy;
			fileType = wrapper.cfbundle;
			path = "SQLiteTests tvOS.xctest";
			remoteRef = 801271B12032280100B3CFAB /* PBXContainerItemProxy */;
			sourceTree = BUILT_PRODUCTS_DIR;
		};
		801271B42032280100B3CFAB /* SQLite.framework */ = {
			isa = PBXReferenceProxy;
			fileType = wrapper.framework;
			path = SQLite.framework;
			remoteRef = 801271B32032280100B3CFAB /* PBXContainerItemProxy */;
			sourceTree = BUILT_PRODUCTS_DIR;
		};
		802F04D2204DAC6100824134 /* MKFrame */ = {
			isa = PBXReferenceProxy;
			fileType = text;
			path = MKFrame;
			remoteRef = 802F04D1204DAC6100824134 /* PBXContainerItemProxy */;
			sourceTree = BUILT_PRODUCTS_DIR;
		};
		802F04D4204DAC6100824134 /* MyTarget.framework */ = {
			isa = PBXReferenceProxy;
			fileType = wrapper.framework;
			path = MyTarget.framework;
			remoteRef = 802F04D3204DAC6100824134 /* PBXContainerItemProxy */;
			sourceTree = BUILT_PRODUCTS_DIR;
		};
		802F04D6204DAC6100824134 /* MongoKitten.framework */ = {
			isa = PBXReferenceProxy;
			fileType = wrapper.framework;
			path = MongoKitten.framework;
			remoteRef = 802F04D5204DAC6100824134 /* PBXContainerItemProxy */;
			sourceTree = BUILT_PRODUCTS_DIR;
		};
		802F04D8204DAC6100824134 /* MongoSocket.framework */ = {
			isa = PBXReferenceProxy;
			fileType = wrapper.framework;
			path = MongoSocket.framework;
			remoteRef = 802F04D7204DAC6100824134 /* PBXContainerItemProxy */;
			sourceTree = BUILT_PRODUCTS_DIR;
		};
		802F04DA204DAC6100824134 /* GeoJSON.framework */ = {
			isa = PBXReferenceProxy;
			fileType = wrapper.framework;
			path = GeoJSON.framework;
			remoteRef = 802F04D9204DAC6100824134 /* PBXContainerItemProxy */;
			sourceTree = BUILT_PRODUCTS_DIR;
		};
		802F04DC204DAC6100824134 /* ExtendedJSON.framework */ = {
			isa = PBXReferenceProxy;
			fileType = wrapper.framework;
			path = ExtendedJSON.framework;
			remoteRef = 802F04DB204DAC6100824134 /* PBXContainerItemProxy */;
			sourceTree = BUILT_PRODUCTS_DIR;
		};
		802F04DE204DAC6100824134 /* Schrodinger.framework */ = {
			isa = PBXReferenceProxy;
			fileType = wrapper.framework;
			path = Schrodinger.framework;
			remoteRef = 802F04DD204DAC6100824134 /* PBXContainerItemProxy */;
			sourceTree = BUILT_PRODUCTS_DIR;
		};
		802F04E0204DAC6100824134 /* CryptoKitten.framework */ = {
			isa = PBXReferenceProxy;
			fileType = wrapper.framework;
			path = CryptoKitten.framework;
			remoteRef = 802F04DF204DAC6100824134 /* PBXContainerItemProxy */;
			sourceTree = BUILT_PRODUCTS_DIR;
		};
		802F04E2204DAC6100824134 /* Cheetah.framework */ = {
			isa = PBXReferenceProxy;
			fileType = wrapper.framework;
			path = Cheetah.framework;
			remoteRef = 802F04E1204DAC6100824134 /* PBXContainerItemProxy */;
			sourceTree = BUILT_PRODUCTS_DIR;
		};
		802F04E4204DAC6100824134 /* BSON.framework */ = {
			isa = PBXReferenceProxy;
			fileType = wrapper.framework;
			path = BSON.framework;
			remoteRef = 802F04E3204DAC6100824134 /* PBXContainerItemProxy */;
			sourceTree = BUILT_PRODUCTS_DIR;
		};
/* End PBXReferenceProxy section */

/* Begin PBXResourcesBuildPhase section */
		80126D36202E413500B3CFAB /* Resources */ = {
			isa = PBXResourcesBuildPhase;
			buildActionMask = 2147483647;
			files = (
				80126D46202E413600B3CFAB /* LaunchScreen.storyboard in Resources */,
				8013C65A203B22F8002B9D9E /* macComm.txt in Resources */,
				807FA1D92052DE5500A14156 /* userInfoLoc.txt in Resources */,
				80126D43202E413600B3CFAB /* Assets.xcassets in Resources */,
				80262749203B271F00D15EF5 /* userInfo.txt in Resources */,
				80126D41202E413600B3CFAB /* Main.storyboard in Resources */,
			);
			runOnlyForDeploymentPostprocessing = 0;
		};
		80126D4A202E413600B3CFAB /* Resources */ = {
			isa = PBXResourcesBuildPhase;
			buildActionMask = 2147483647;
			files = (
			);
			runOnlyForDeploymentPostprocessing = 0;
		};
		80126D55202E413600B3CFAB /* Resources */ = {
			isa = PBXResourcesBuildPhase;
			buildActionMask = 2147483647;
			files = (
			);
			runOnlyForDeploymentPostprocessing = 0;
		};
/* End PBXResourcesBuildPhase section */

/* Begin PBXSourcesBuildPhase section */
		80126D34202E413500B3CFAB /* Sources */ = {
			isa = PBXSourcesBuildPhase;
			buildActionMask = 2147483647;
			files = (
				80E235DB203E0E100002E716 /* OMViewController.swift in Sources */,
				80126E1E2031E4F900B3CFAB /* FinalFCViewController.swift in Sources */,
				800631C3206019C500AFDE76 /* newIssuesPopUpViewController.swift in Sources */,
				80E235DD203E0E240002E716 /* VariantsViewController.swift in Sources */,
				805F6C042056ED8E00C34C95 /* TextEntryPopUpViewController.swift in Sources */,
				80126D3E202E413600B3CFAB /* ViewController.swift in Sources */,
				80126E15202FA2A600B3CFAB /* Checkpoint.swift in Sources */,
				800631EC206957A200AFDE76 /* LoadingViewController.swift in Sources */,
				80EE1B7F205978D400F327C1 /* Text2ButtonPopUpViewController.swift in Sources */,
				800631DB20657AF000AFDE76 /* SkippedVariant.swift in Sources */,
				800631D220601B2E00AFDE76 /* Issue.swift in Sources */,
				800631EE206957ED00AFDE76 /* LoadingView.swift in Sources */,
				807FA1E220531ED200A14156 /* port.swift in Sources */,
				80126E13202FA23E00B3CFAB /* PDI.swift in Sources */,
				805F6BF52056BF4900C34C95 /* SkippedPopUpViewController.swift in Sources */,
				80126D3C202E413600B3CFAB /* AppDelegate.swift in Sources */,
				80126E0F202FA15B00B3CFAB /* PDIViewController.swift in Sources */,
				801E5D4C207B9DB8000D871F /* PDIView.swift in Sources */,
				80126D8B202E472000B3CFAB /* Machine.swift in Sources */,
				800631D72062C38500AFDE76 /* AddIssuePopUpViewController.swift in Sources */,
				801E5D462077E999000D871F /* CameraHandler.swift in Sources */,
				80E3DF0020444F2F0048F657 /* PopUpViewController.swift in Sources */,
				800631F02069832400AFDE76 /* OM.swift in Sources */,
				801E5D4820780FFA000D871F /* ContainerViewController.swift in Sources */,
				800631EA20657AFF00AFDE76 /* SkippedCheckpoint.swift in Sources */,
				802405E5206D55BD00E35E8D /* RedesignedVariantsViewController.swift in Sources */,
				80126E11202FA1B900B3CFAB /* FuelConsumptionViewController.swift in Sources */,
				80E235D5203DD08A0002E716 /* Variant.swift in Sources */,
				80126E202031E72D00B3CFAB /* batteryViewController.swift in Sources */,
				807FA1DC2052F9B100A14156 /* LaunchViewController.swift in Sources */,
				807FA1E0205306F200A14156 /* TextPopUpViewController.swift in Sources */,
			);
			runOnlyForDeploymentPostprocessing = 0;
		};
		80126D48202E413600B3CFAB /* Sources */ = {
			isa = PBXSourcesBuildPhase;
			buildActionMask = 2147483647;
			files = (
				80126D51202E413600B3CFAB /* PDIappTests.swift in Sources */,
			);
			runOnlyForDeploymentPostprocessing = 0;
		};
		80126D53202E413600B3CFAB /* Sources */ = {
			isa = PBXSourcesBuildPhase;
			buildActionMask = 2147483647;
			files = (
				80126D5C202E413600B3CFAB /* PDIappUITests.swift in Sources */,
			);
			runOnlyForDeploymentPostprocessing = 0;
		};
/* End PBXSourcesBuildPhase section */

/* Begin PBXTargetDependency section */
		80126D4E202E413600B3CFAB /* PBXTargetDependency */ = {
			isa = PBXTargetDependency;
			target = 80126D37202E413500B3CFAB /* PDIapp */;
			targetProxy = 80126D4D202E413600B3CFAB /* PBXContainerItemProxy */;
		};
		80126D59202E413600B3CFAB /* PBXTargetDependency */ = {
			isa = PBXTargetDependency;
			target = 80126D37202E413500B3CFAB /* PDIapp */;
			targetProxy = 80126D58202E413600B3CFAB /* PBXContainerItemProxy */;
		};
		801271B92032281600B3CFAB /* PBXTargetDependency */ = {
			isa = PBXTargetDependency;
			name = "SQLite iOS";
			targetProxy = 801271B82032281600B3CFAB /* PBXContainerItemProxy */;
		};
		802F04E8204DAC6F00824134 /* PBXTargetDependency */ = {
			isa = PBXTargetDependency;
			name = MongoKitten;
			targetProxy = 802F04E7204DAC6F00824134 /* PBXContainerItemProxy */;
		};
		807FA1B52052DCE800A14156 /* PBXTargetDependency */ = {
			isa = PBXTargetDependency;
			name = BSON;
			targetProxy = 807FA1B42052DCE800A14156 /* PBXContainerItemProxy */;
		};
		807FA1BF2052DD1400A14156 /* PBXTargetDependency */ = {
			isa = PBXTargetDependency;
			name = ExtendedJSON;
			targetProxy = 807FA1BE2052DD1400A14156 /* PBXContainerItemProxy */;
		};
		807FA1C32052DD1A00A14156 /* PBXTargetDependency */ = {
			isa = PBXTargetDependency;
			name = GeoJSON;
			targetProxy = 807FA1C22052DD1A00A14156 /* PBXContainerItemProxy */;
		};
		807FA1C72052DD1E00A14156 /* PBXTargetDependency */ = {
			isa = PBXTargetDependency;
			name = Cheetah;
			targetProxy = 807FA1C62052DD1E00A14156 /* PBXContainerItemProxy */;
		};
		807FA1CB2052DD2200A14156 /* PBXTargetDependency */ = {
			isa = PBXTargetDependency;
			name = CryptoKitten;
			targetProxy = 807FA1CA2052DD2200A14156 /* PBXContainerItemProxy */;
		};
		807FA1CF2052DD2600A14156 /* PBXTargetDependency */ = {
			isa = PBXTargetDependency;
			name = Schrodinger;
			targetProxy = 807FA1CE2052DD2600A14156 /* PBXContainerItemProxy */;
		};
		807FA1D32052DD2A00A14156 /* PBXTargetDependency */ = {
			isa = PBXTargetDependency;
			name = MongoSocket;
			targetProxy = 807FA1D22052DD2A00A14156 /* PBXContainerItemProxy */;
		};
		807FA1D72052DD2F00A14156 /* PBXTargetDependency */ = {
			isa = PBXTargetDependency;
			name = MyTarget;
			targetProxy = 807FA1D62052DD2F00A14156 /* PBXContainerItemProxy */;
		};
/* End PBXTargetDependency section */

/* Begin PBXVariantGroup section */
		80126D3F202E413600B3CFAB /* Main.storyboard */ = {
			isa = PBXVariantGroup;
			children = (
				80126D40202E413600B3CFAB /* Base */,
			);
			name = Main.storyboard;
			sourceTree = "<group>";
		};
		80126D44202E413600B3CFAB /* LaunchScreen.storyboard */ = {
			isa = PBXVariantGroup;
			children = (
				80126D45202E413600B3CFAB /* Base */,
			);
			name = LaunchScreen.storyboard;
			sourceTree = "<group>";
		};
/* End PBXVariantGroup section */

/* Begin XCBuildConfiguration section */
		80126D5E202E413600B3CFAB /* Debug */ = {
			isa = XCBuildConfiguration;
			buildSettings = {
				ALWAYS_SEARCH_USER_PATHS = NO;
				CLANG_ANALYZER_NONNULL = YES;
				CLANG_ANALYZER_NUMBER_OBJECT_CONVERSION = YES_AGGRESSIVE;
				CLANG_CXX_LANGUAGE_STANDARD = "gnu++14";
				CLANG_CXX_LIBRARY = "libc++";
				CLANG_ENABLE_MODULES = YES;
				CLANG_ENABLE_OBJC_ARC = YES;
				CLANG_WARN_BLOCK_CAPTURE_AUTORELEASING = YES;
				CLANG_WARN_BOOL_CONVERSION = YES;
				CLANG_WARN_COMMA = YES;
				CLANG_WARN_CONSTANT_CONVERSION = YES;
				CLANG_WARN_DEPRECATED_OBJC_IMPLEMENTATIONS = YES;
				CLANG_WARN_DIRECT_OBJC_ISA_USAGE = YES_ERROR;
				CLANG_WARN_DOCUMENTATION_COMMENTS = YES;
				CLANG_WARN_EMPTY_BODY = YES;
				CLANG_WARN_ENUM_CONVERSION = YES;
				CLANG_WARN_INFINITE_RECURSION = YES;
				CLANG_WARN_INT_CONVERSION = YES;
				CLANG_WARN_NON_LITERAL_NULL_CONVERSION = YES;
				CLANG_WARN_OBJC_IMPLICIT_RETAIN_SELF = YES;
				CLANG_WARN_OBJC_LITERAL_CONVERSION = YES;
				CLANG_WARN_OBJC_ROOT_CLASS = YES_ERROR;
				CLANG_WARN_RANGE_LOOP_ANALYSIS = YES;
				CLANG_WARN_STRICT_PROTOTYPES = YES;
				CLANG_WARN_SUSPICIOUS_MOVE = YES;
				CLANG_WARN_UNGUARDED_AVAILABILITY = YES_AGGRESSIVE;
				CLANG_WARN_UNREACHABLE_CODE = YES;
				CLANG_WARN__DUPLICATE_METHOD_MATCH = YES;
				CODE_SIGN_IDENTITY = "iPhone Developer";
				COPY_PHASE_STRIP = NO;
				DEBUG_INFORMATION_FORMAT = dwarf;
				ENABLE_STRICT_OBJC_MSGSEND = YES;
				ENABLE_TESTABILITY = YES;
				GCC_C_LANGUAGE_STANDARD = gnu11;
				GCC_DYNAMIC_NO_PIC = NO;
				GCC_NO_COMMON_BLOCKS = YES;
				GCC_OPTIMIZATION_LEVEL = 0;
				GCC_PREPROCESSOR_DEFINITIONS = (
					"DEBUG=1",
					"$(inherited)",
				);
				GCC_WARN_64_TO_32_BIT_CONVERSION = YES;
				GCC_WARN_ABOUT_RETURN_TYPE = YES_ERROR;
				GCC_WARN_UNDECLARED_SELECTOR = YES;
				GCC_WARN_UNINITIALIZED_AUTOS = YES_AGGRESSIVE;
				GCC_WARN_UNUSED_FUNCTION = YES;
				GCC_WARN_UNUSED_VARIABLE = YES;
				IPHONEOS_DEPLOYMENT_TARGET = 11.2;
				MTL_ENABLE_DEBUG_INFO = YES;
				ONLY_ACTIVE_ARCH = YES;
				SDKROOT = iphoneos;
				SWIFT_ACTIVE_COMPILATION_CONDITIONS = DEBUG;
				SWIFT_OPTIMIZATION_LEVEL = "-Onone";
			};
			name = Debug;
		};
		80126D5F202E413600B3CFAB /* Release */ = {
			isa = XCBuildConfiguration;
			buildSettings = {
				ALWAYS_SEARCH_USER_PATHS = NO;
				CLANG_ANALYZER_NONNULL = YES;
				CLANG_ANALYZER_NUMBER_OBJECT_CONVERSION = YES_AGGRESSIVE;
				CLANG_CXX_LANGUAGE_STANDARD = "gnu++14";
				CLANG_CXX_LIBRARY = "libc++";
				CLANG_ENABLE_MODULES = YES;
				CLANG_ENABLE_OBJC_ARC = YES;
				CLANG_WARN_BLOCK_CAPTURE_AUTORELEASING = YES;
				CLANG_WARN_BOOL_CONVERSION = YES;
				CLANG_WARN_COMMA = YES;
				CLANG_WARN_CONSTANT_CONVERSION = YES;
				CLANG_WARN_DEPRECATED_OBJC_IMPLEMENTATIONS = YES;
				CLANG_WARN_DIRECT_OBJC_ISA_USAGE = YES_ERROR;
				CLANG_WARN_DOCUMENTATION_COMMENTS = YES;
				CLANG_WARN_EMPTY_BODY = YES;
				CLANG_WARN_ENUM_CONVERSION = YES;
				CLANG_WARN_INFINITE_RECURSION = YES;
				CLANG_WARN_INT_CONVERSION = YES;
				CLANG_WARN_NON_LITERAL_NULL_CONVERSION = YES;
				CLANG_WARN_OBJC_IMPLICIT_RETAIN_SELF = YES;
				CLANG_WARN_OBJC_LITERAL_CONVERSION = YES;
				CLANG_WARN_OBJC_ROOT_CLASS = YES_ERROR;
				CLANG_WARN_RANGE_LOOP_ANALYSIS = YES;
				CLANG_WARN_STRICT_PROTOTYPES = YES;
				CLANG_WARN_SUSPICIOUS_MOVE = YES;
				CLANG_WARN_UNGUARDED_AVAILABILITY = YES_AGGRESSIVE;
				CLANG_WARN_UNREACHABLE_CODE = YES;
				CLANG_WARN__DUPLICATE_METHOD_MATCH = YES;
				CODE_SIGN_IDENTITY = "iPhone Developer";
				COPY_PHASE_STRIP = NO;
				DEBUG_INFORMATION_FORMAT = "dwarf-with-dsym";
				ENABLE_NS_ASSERTIONS = NO;
				ENABLE_STRICT_OBJC_MSGSEND = YES;
				GCC_C_LANGUAGE_STANDARD = gnu11;
				GCC_NO_COMMON_BLOCKS = YES;
				GCC_WARN_64_TO_32_BIT_CONVERSION = YES;
				GCC_WARN_ABOUT_RETURN_TYPE = YES_ERROR;
				GCC_WARN_UNDECLARED_SELECTOR = YES;
				GCC_WARN_UNINITIALIZED_AUTOS = YES_AGGRESSIVE;
				GCC_WARN_UNUSED_FUNCTION = YES;
				GCC_WARN_UNUSED_VARIABLE = YES;
				IPHONEOS_DEPLOYMENT_TARGET = 11.2;
				MTL_ENABLE_DEBUG_INFO = NO;
				SDKROOT = iphoneos;
				SWIFT_OPTIMIZATION_LEVEL = "-Owholemodule";
				VALIDATE_PRODUCT = YES;
			};
			name = Release;
		};
		80126D61202E413600B3CFAB /* Debug */ = {
			isa = XCBuildConfiguration;
			buildSettings = {
				ALWAYS_EMBED_SWIFT_STANDARD_LIBRARIES = YES;
				ASSETCATALOG_COMPILER_APPICON_NAME = "AppIcon-2";
				ASSETCATALOG_COMPILER_LAUNCHIMAGE_NAME = "LaunchImage-2";
				CLANG_ENABLE_MODULES = YES;
				CODE_SIGN_STYLE = Automatic;
				DEVELOPMENT_TEAM = 6J5C75T2R8;
				INFOPLIST_FILE = PDIapp/Info.plist;
				IPHONEOS_DEPLOYMENT_TARGET = 11.3;
				LD_RUNPATH_SEARCH_PATHS = "$(inherited) @executable_path/Frameworks";
				PRODUCT_BUNDLE_IDENTIFIER = claas.PDISandbox;
				PRODUCT_NAME = "$(TARGET_NAME)";
				SWIFT_OBJC_BRIDGING_HEADER = "PDIapp/PDIapp-Bridging-Header.h";
				SWIFT_OPTIMIZATION_LEVEL = "-Onone";
				SWIFT_VERSION = 4.0;
				TARGETED_DEVICE_FAMILY = "1,2";
			};
			name = Debug;
		};
		80126D62202E413600B3CFAB /* Release */ = {
			isa = XCBuildConfiguration;
			buildSettings = {
				ALWAYS_EMBED_SWIFT_STANDARD_LIBRARIES = YES;
				ASSETCATALOG_COMPILER_APPICON_NAME = "AppIcon-2";
				ASSETCATALOG_COMPILER_LAUNCHIMAGE_NAME = "LaunchImage-2";
				CLANG_ENABLE_MODULES = YES;
				CODE_SIGN_STYLE = Automatic;
				DEVELOPMENT_TEAM = 6J5C75T2R8;
				INFOPLIST_FILE = PDIapp/Info.plist;
				IPHONEOS_DEPLOYMENT_TARGET = 11.3;
				LD_RUNPATH_SEARCH_PATHS = "$(inherited) @executable_path/Frameworks";
				PRODUCT_BUNDLE_IDENTIFIER = claas.PDISandbox;
				PRODUCT_NAME = "$(TARGET_NAME)";
				SWIFT_OBJC_BRIDGING_HEADER = "PDIapp/PDIapp-Bridging-Header.h";
				SWIFT_VERSION = 4.0;
				TARGETED_DEVICE_FAMILY = "1,2";
			};
			name = Release;
		};
		80126D64202E413600B3CFAB /* Debug */ = {
			isa = XCBuildConfiguration;
			buildSettings = {
				ALWAYS_EMBED_SWIFT_STANDARD_LIBRARIES = YES;
				BUNDLE_LOADER = "$(TEST_HOST)";
				CODE_SIGN_STYLE = Automatic;
				INFOPLIST_FILE = PDIappTests/Info.plist;
				LD_RUNPATH_SEARCH_PATHS = "$(inherited) @executable_path/Frameworks @loader_path/Frameworks";
				PRODUCT_BUNDLE_IDENTIFIER = lshultz.PDIappTests;
				PRODUCT_NAME = "$(TARGET_NAME)";
				SWIFT_VERSION = 4.0;
				TARGETED_DEVICE_FAMILY = "1,2";
				TEST_HOST = "$(BUILT_PRODUCTS_DIR)/PDIapp.app/PDIapp";
			};
			name = Debug;
		};
		80126D65202E413600B3CFAB /* Release */ = {
			isa = XCBuildConfiguration;
			buildSettings = {
				ALWAYS_EMBED_SWIFT_STANDARD_LIBRARIES = YES;
				BUNDLE_LOADER = "$(TEST_HOST)";
				CODE_SIGN_STYLE = Automatic;
				INFOPLIST_FILE = PDIappTests/Info.plist;
				LD_RUNPATH_SEARCH_PATHS = "$(inherited) @executable_path/Frameworks @loader_path/Frameworks";
				PRODUCT_BUNDLE_IDENTIFIER = lshultz.PDIappTests;
				PRODUCT_NAME = "$(TARGET_NAME)";
				SWIFT_VERSION = 4.0;
				TARGETED_DEVICE_FAMILY = "1,2";
				TEST_HOST = "$(BUILT_PRODUCTS_DIR)/PDIapp.app/PDIapp";
			};
			name = Release;
		};
		80126D67202E413600B3CFAB /* Debug */ = {
			isa = XCBuildConfiguration;
			buildSettings = {
				ALWAYS_EMBED_SWIFT_STANDARD_LIBRARIES = YES;
				CODE_SIGN_STYLE = Automatic;
				INFOPLIST_FILE = PDIappUITests/Info.plist;
				LD_RUNPATH_SEARCH_PATHS = "$(inherited) @executable_path/Frameworks @loader_path/Frameworks";
				PRODUCT_BUNDLE_IDENTIFIER = lshultz.PDIappUITests;
				PRODUCT_NAME = "$(TARGET_NAME)";
				SWIFT_VERSION = 4.0;
				TARGETED_DEVICE_FAMILY = "1,2";
				TEST_TARGET_NAME = PDIapp;
			};
			name = Debug;
		};
		80126D68202E413600B3CFAB /* Release */ = {
			isa = XCBuildConfiguration;
			buildSettings = {
				ALWAYS_EMBED_SWIFT_STANDARD_LIBRARIES = YES;
				CODE_SIGN_STYLE = Automatic;
				INFOPLIST_FILE = PDIappUITests/Info.plist;
				LD_RUNPATH_SEARCH_PATHS = "$(inherited) @executable_path/Frameworks @loader_path/Frameworks";
				PRODUCT_BUNDLE_IDENTIFIER = lshultz.PDIappUITests;
				PRODUCT_NAME = "$(TARGET_NAME)";
				SWIFT_VERSION = 4.0;
				TARGETED_DEVICE_FAMILY = "1,2";
				TEST_TARGET_NAME = PDIapp;
			};
			name = Release;
		};
/* End XCBuildConfiguration section */

/* Begin XCConfigurationList section */
		80126D33202E413500B3CFAB /* Build configuration list for PBXProject "PDIapp" */ = {
			isa = XCConfigurationList;
			buildConfigurations = (
				80126D5E202E413600B3CFAB /* Debug */,
				80126D5F202E413600B3CFAB /* Release */,
			);
			defaultConfigurationIsVisible = 0;
			defaultConfigurationName = Release;
		};
		80126D60202E413600B3CFAB /* Build configuration list for PBXNativeTarget "PDIapp" */ = {
			isa = XCConfigurationList;
			buildConfigurations = (
				80126D61202E413600B3CFAB /* Debug */,
				80126D62202E413600B3CFAB /* Release */,
			);
			defaultConfigurationIsVisible = 0;
			defaultConfigurationName = Release;
		};
		80126D63202E413600B3CFAB /* Build configuration list for PBXNativeTarget "PDIappTests" */ = {
			isa = XCConfigurationList;
			buildConfigurations = (
				80126D64202E413600B3CFAB /* Debug */,
				80126D65202E413600B3CFAB /* Release */,
			);
			defaultConfigurationIsVisible = 0;
			defaultConfigurationName = Release;
		};
		80126D66202E413600B3CFAB /* Build configuration list for PBXNativeTarget "PDIappUITests" */ = {
			isa = XCConfigurationList;
			buildConfigurations = (
				80126D67202E413600B3CFAB /* Debug */,
				80126D68202E413600B3CFAB /* Release */,
			);
			defaultConfigurationIsVisible = 0;
			defaultConfigurationName = Release;
		};
/* End XCConfigurationList section */
	};
	rootObject = 80126D30202E413500B3CFAB /* Project object */;
}
