// !$*UTF8*$!
{
	archiveVersion = 1;
	classes = {
	};
	objectVersion = 48;
	objects = {

/* Begin PBXBuildFile section */
		80126D3C202E413600B3CFAB /* AppDelegate.swift in Sources */ = {isa = PBXBuildFile; fileRef = 80126D3B202E413600B3CFAB /* AppDelegate.swift */; };
		80126D3E202E413600B3CFAB /* ViewController.swift in Sources */ = {isa = PBXBuildFile; fileRef = 80126D3D202E413600B3CFAB /* ViewController.swift */; };
		80126D41202E413600B3CFAB /* Main.storyboard in Resources */ = {isa = PBXBuildFile; fileRef = 80126D3F202E413600B3CFAB /* Main.storyboard */; };
		80126D43202E413600B3CFAB /* Assets.xcassets in Resources */ = {isa = PBXBuildFile; fileRef = 80126D42202E413600B3CFAB /* Assets.xcassets */; };
		80126D46202E413600B3CFAB /* LaunchScreen.storyboard in Resources */ = {isa = PBXBuildFile; fileRef = 80126D44202E413600B3CFAB /* LaunchScreen.storyboard */; };
		80126D51202E413600B3CFAB /* PDIappTests.swift in Sources */ = {isa = PBXBuildFile; fileRef = 80126D50202E413600B3CFAB /* PDIappTests.swift */; };
		80126D5C202E413600B3CFAB /* PDIappUITests.swift in Sources */ = {isa = PBXBuildFile; fileRef = 80126D5B202E413600B3CFAB /* PDIappUITests.swift */; };
/* End PBXBuildFile section */

/* Begin PBXContainerItemProxy section */
		80126D4D202E413600B3CFAB /* PBXContainerItemProxy */ = {
			isa = PBXContainerItemProxy;
			containerPortal = 80126D30202E413500B3CFAB /* Project object */;
			proxyType = 1;
			remoteGlobalIDString = 80126D37202E413500B3CFAB;
			remoteInfo = PDIapp;
		};
		80126D58202E413600B3CFAB /* PBXContainerItemProxy */ = {
			isa = PBXContainerItemProxy;
			containerPortal = 80126D30202E413500B3CFAB /* Project object */;
			proxyType = 1;
			remoteGlobalIDString = 80126D37202E413500B3CFAB;
			remoteInfo = PDIapp;
		};
/* End PBXContainerItemProxy section */

/* Begin PBXFileReference section */
		80126D38202E413500B3CFAB /* PDIapp.app */ = {isa = PBXFileReference; explicitFileType = wrapper.application; includeInIndex = 0; path = PDIapp.app; sourceTree = BUILT_PRODUCTS_DIR; };
		80126D3B202E413600B3CFAB /* AppDelegate.swift */ = {isa = PBXFileReference; lastKnownFileType = sourcecode.swift; path = AppDelegate.swift; sourceTree = "<group>"; };
		80126D3D202E413600B3CFAB /* ViewController.swift */ = {isa = PBXFileReference; lastKnownFileType = sourcecode.swift; path = ViewController.swift; sourceTree = "<group>"; };
		80126D40202E413600B3CFAB /* Base */ = {isa = PBXFileReference; lastKnownFileType = file.storyboard; name = Base; path = Base.lproj/Main.storyboard; sourceTree = "<group>"; };
		80126D42202E413600B3CFAB /* Assets.xcassets */ = {isa = PBXFileReference; lastKnownFileType = folder.assetcatalog; path = Assets.xcassets; sourceTree = "<group>"; };
		80126D45202E413600B3CFAB /* Base */ = {isa = PBXFileReference; lastKnownFileType = file.storyboard; name = Base; path = Base.lproj/LaunchScreen.storyboard; sourceTree = "<group>"; };
		80126D47202E413600B3CFAB /* Info.plist */ = {isa = PBXFileReference; lastKnownFileType = text.plist.xml; path = Info.plist; sourceTree = "<group>"; };
		80126D4C202E413600B3CFAB /* PDIappTests.xctest */ = {isa = PBXFileReference; explicitFileType = wrapper.cfbundle; includeInIndex = 0; path = PDIappTests.xctest; sourceTree = BUILT_PRODUCTS_DIR; };
		80126D50202E413600B3CFAB /* PDIappTests.swift */ = {isa = PBXFileReference; lastKnownFileType = sourcecode.swift; path = PDIappTests.swift; sourceTree = "<group>"; };
		80126D52202E413600B3CFAB /* Info.plist */ = {isa = PBXFileReference; lastKnownFileType = text.plist.xml; path = Info.plist; sourceTree = "<group>"; };
		80126D57202E413600B3CFAB /* PDIappUITests.xctest */ = {isa = PBXFileReference; explicitFileType = wrapper.cfbundle; includeInIndex = 0; path = PDIappUITests.xctest; sourceTree = BUILT_PRODUCTS_DIR; };
		80126D5B202E413600B3CFAB /* PDIappUITests.swift */ = {isa = PBXFileReference; lastKnownFileType = sourcecode.swift; path = PDIappUITests.swift; sourceTree = "<group>"; };
		80126D5D202E413600B3CFAB /* Info.plist */ = {isa = PBXFileReference; lastKnownFileType = text.plist.xml; path = Info.plist; sourceTree = "<group>"; };
/* End PBXFileReference section */

/* Begin PBXFrameworksBuildPhase section */
		80126D35202E413500B3CFAB /* Frameworks */ = {
			isa = PBXFrameworksBuildPhase;
			buildActionMask = 2147483647;
			files = (
			);
			runOnlyForDeploymentPostprocessing = 0;
		};
		80126D49202E413600B3CFAB /* Frameworks */ = {
			isa = PBXFrameworksBuildPhase;
			buildActionMask = 2147483647;
			files = (
			);
			runOnlyForDeploymentPostprocessing = 0;
		};
		80126D54202E413600B3CFAB /* Frameworks */ = {
			isa = PBXFrameworksBuildPhase;
			buildActionMask = 2147483647;
			files = (
			);
			runOnlyForDeploymentPostprocessing = 0;
		};
/* End PBXFrameworksBuildPhase section */

/* Begin PBXGroup section */
		80126D2F202E413500B3CFAB = {
			isa = PBXGroup;
			children = (
				80126D3A202E413500B3CFAB /* PDIapp */,
				80126D4F202E413600B3CFAB /* PDIappTests */,
				80126D5A202E413600B3CFAB /* PDIappUITests */,
				80126D39202E413500B3CFAB /* Products */,
			);
			sourceTree = "<group>";
		};
		80126D39202E413500B3CFAB /* Products */ = {
			isa = PBXGroup;
			children = (
				80126D38202E413500B3CFAB /* PDIapp.app */,
				80126D4C202E413600B3CFAB /* PDIappTests.xctest */,
				80126D57202E413600B3CFAB /* PDIappUITests.xctest */,
			);
			name = Products;
			sourceTree = "<group>";
		};
		80126D3A202E413500B3CFAB /* PDIapp */ = {
			isa = PBXGroup;
			children = (
				80126D3B202E413600B3CFAB /* AppDelegate.swift */,
				80126D3D202E413600B3CFAB /* ViewController.swift */,
				80126D3F202E413600B3CFAB /* Main.storyboard */,
				80126D42202E413600B3CFAB /* Assets.xcassets */,
				80126D44202E413600B3CFAB /* LaunchScreen.storyboard */,
				80126D47202E413600B3CFAB /* Info.plist */,
			);
			path = PDIapp;
			sourceTree = "<group>";
		};
		80126D4F202E413600B3CFAB /* PDIappTests */ = {
			isa = PBXGroup;
			children = (
				80126D50202E413600B3CFAB /* PDIappTests.swift */,
				80126D52202E413600B3CFAB /* Info.plist */,
			);
			path = PDIappTests;
			sourceTree = "<group>";
		};
		80126D5A202E413600B3CFAB /* PDIappUITests */ = {
			isa = PBXGroup;
			children = (
				80126D5B202E413600B3CFAB /* PDIappUITests.swift */,
				80126D5D202E413600B3CFAB /* Info.plist */,
			);
			path = PDIappUITests;
			sourceTree = "<group>";
		};
/* End PBXGroup section */

/* Begin PBXNativeTarget section */
		80126D37202E413500B3CFAB /* PDIapp */ = {
			isa = PBXNativeTarget;
			buildConfigurationList = 80126D60202E413600B3CFAB /* Build configuration list for PBXNativeTarget "PDIapp" */;
			buildPhases = (
				80126D34202E413500B3CFAB /* Sources */,
				80126D35202E413500B3CFAB /* Frameworks */,
				80126D36202E413500B3CFAB /* Resources */,
			);
			buildRules = (
			);
			dependencies = (
			);
			name = PDIapp;
			productName = PDIapp;
			productReference = 80126D38202E413500B3CFAB /* PDIapp.app */;
			productType = "com.apple.product-type.application";
		};
		80126D4B202E413600B3CFAB /* PDIappTests */ = {
			isa = PBXNativeTarget;
			buildConfigurationList = 80126D63202E413600B3CFAB /* Build configuration list for PBXNativeTarget "PDIappTests" */;
			buildPhases = (
				80126D48202E413600B3CFAB /* Sources */,
				80126D49202E413600B3CFAB /* Frameworks */,
				80126D4A202E413600B3CFAB /* Resources */,
			);
			buildRules = (
			);
			dependencies = (
				80126D4E202E413600B3CFAB /* PBXTargetDependency */,
			);
			name = PDIappTests;
			productName = PDIappTests;
			productReference = 80126D4C202E413600B3CFAB /* PDIappTests.xctest */;
			productType = "com.apple.product-type.bundle.unit-test";
		};
		80126D56202E413600B3CFAB /* PDIappUITests */ = {
			isa = PBXNativeTarget;
			buildConfigurationList = 80126D66202E413600B3CFAB /* Build configuration list for PBXNativeTarget "PDIappUITests" */;
			buildPhases = (
				80126D53202E413600B3CFAB /* Sources */,
				80126D54202E413600B3CFAB /* Frameworks */,
				80126D55202E413600B3CFAB /* Resources */,
			);
			buildRules = (
			);
			dependencies = (
				80126D59202E413600B3CFAB /* PBXTargetDependency */,
			);
			name = PDIappUITests;
			productName = PDIappUITests;
			productReference = 80126D57202E413600B3CFAB /* PDIappUITests.xctest */;
			productType = "com.apple.product-type.bundle.ui-testing";
		};
/* End PBXNativeTarget section */

/* Begin PBXProject section */
		80126D30202E413500B3CFAB /* Project object */ = {
			isa = PBXProject;
			attributes = {
				LastSwiftUpdateCheck = 0920;
				LastUpgradeCheck = 0920;
				ORGANIZATIONNAME = "Lauren Shultz";
				TargetAttributes = {
					80126D37202E413500B3CFAB = {
						CreatedOnToolsVersion = 9.2;
						ProvisioningStyle = Automatic;
					};
					80126D4B202E413600B3CFAB = {
						CreatedOnToolsVersion = 9.2;
						ProvisioningStyle = Automatic;
						TestTargetID = 80126D37202E413500B3CFAB;
					};
					80126D56202E413600B3CFAB = {
						CreatedOnToolsVersion = 9.2;
						ProvisioningStyle = Automatic;
						TestTargetID = 80126D37202E413500B3CFAB;
					};
				};
			};
			buildConfigurationList = 80126D33202E413500B3CFAB /* Build configuration list for PBXProject "PDIapp" */;
			compatibilityVersion = "Xcode 8.0";
			developmentRegion = en;
			hasScannedForEncodings = 0;
			knownRegions = (
				en,
				Base,
			);
			mainGroup = 80126D2F202E413500B3CFAB;
			productRefGroup = 80126D39202E413500B3CFAB /* Products */;
			projectDirPath = "";
			projectRoot = "";
			targets = (
				80126D37202E413500B3CFAB /* PDIapp */,
				80126D4B202E413600B3CFAB /* PDIappTests */,
				80126D56202E413600B3CFAB /* PDIappUITests */,
			);
		};
/* End PBXProject section */

/* Begin PBXResourcesBuildPhase section */
		80126D36202E413500B3CFAB /* Resources */ = {
			isa = PBXResourcesBuildPhase;
			buildActionMask = 2147483647;
			files = (
				80126D46202E413600B3CFAB /* LaunchScreen.storyboard in Resources */,
				80126D43202E413600B3CFAB /* Assets.xcassets in Resources */,
				80126D41202E413600B3CFAB /* Main.storyboard in Resources */,
			);
			runOnlyForDeploymentPostprocessing = 0;
		};
		80126D4A202E413600B3CFAB /* Resources */ = {
			isa = PBXResourcesBuildPhase;
			buildActionMask = 2147483647;
			files = (
			);
			runOnlyForDeploymentPostprocessing = 0;
		};
		80126D55202E413600B3CFAB /* Resources */ = {
			isa = PBXResourcesBuildPhase;
			buildActionMask = 2147483647;
			files = (
			);
			runOnlyForDeploymentPostprocessing = 0;
		};
/* End PBXResourcesBuildPhase section */

/* Begin PBXSourcesBuildPhase section */
		80126D34202E413500B3CFAB /* Sources */ = {
			isa = PBXSourcesBuildPhase;
			buildActionMask = 2147483647;
			files = (
				80126D3E202E413600B3CFAB /* ViewController.swift in Sources */,
				80126D3C202E413600B3CFAB /* AppDelegate.swift in Sources */,
			);
			runOnlyForDeploymentPostprocessing = 0;
		};
		80126D48202E413600B3CFAB /* Sources */ = {
			isa = PBXSourcesBuildPhase;
			buildActionMask = 2147483647;
			files = (
				80126D51202E413600B3CFAB /* PDIappTests.swift in Sources */,
			);
			runOnlyForDeploymentPostprocessing = 0;
		};
		80126D53202E413600B3CFAB /* Sources */ = {
			isa = PBXSourcesBuildPhase;
			buildActionMask = 2147483647;
			files = (
				80126D5C202E413600B3CFAB /* PDIappUITests.swift in Sources */,
			);
			runOnlyForDeploymentPostprocessing = 0;
		};
/* End PBXSourcesBuildPhase section */

/* Begin PBXTargetDependency section */
		80126D4E202E413600B3CFAB /* PBXTargetDependency */ = {
			isa = PBXTargetDependency;
			target = 80126D37202E413500B3CFAB /* PDIapp */;
			targetProxy = 80126D4D202E413600B3CFAB /* PBXContainerItemProxy */;
		};
		80126D59202E413600B3CFAB /* PBXTargetDependency */ = {
			isa = PBXTargetDependency;
			target = 80126D37202E413500B3CFAB /* PDIapp */;
			targetProxy = 80126D58202E413600B3CFAB /* PBXContainerItemProxy */;
		};
/* End PBXTargetDependency section */

/* Begin PBXVariantGroup section */
		80126D3F202E413600B3CFAB /* Main.storyboard */ = {
			isa = PBXVariantGroup;
			children = (
				80126D40202E413600B3CFAB /* Base */,
			);
			name = Main.storyboard;
			sourceTree = "<group>";
		};
		80126D44202E413600B3CFAB /* LaunchScreen.storyboard */ = {
			isa = PBXVariantGroup;
			children = (
				80126D45202E413600B3CFAB /* Base */,
			);
			name = LaunchScreen.storyboard;
			sourceTree = "<group>";
		};
/* End PBXVariantGroup section */

/* Begin XCBuildConfiguration section */
		80126D5E202E413600B3CFAB /* Debug */ = {
			isa = XCBuildConfiguration;
			buildSettings = {
				ALWAYS_SEARCH_USER_PATHS = NO;
				CLANG_ANALYZER_NONNULL = YES;
				CLANG_ANALYZER_NUMBER_OBJECT_CONVERSION = YES_AGGRESSIVE;
				CLANG_CXX_LANGUAGE_STANDARD = "gnu++14";
				CLANG_CXX_LIBRARY = "libc++";
				CLANG_ENABLE_MODULES = YES;
				CLANG_ENABLE_OBJC_ARC = YES;
				CLANG_WARN_BLOCK_CAPTURE_AUTORELEASING = YES;
				CLANG_WARN_BOOL_CONVERSION = YES;
				CLANG_WARN_COMMA = YES;
				CLANG_WARN_CONSTANT_CONVERSION = YES;
				CLANG_WARN_DIRECT_OBJC_ISA_USAGE = YES_ERROR;
				CLANG_WARN_DOCUMENTATION_COMMENTS = YES;
				CLANG_WARN_EMPTY_BODY = YES;
				CLANG_WARN_ENUM_CONVERSION = YES;
				CLANG_WARN_INFINITE_RECURSION = YES;
				CLANG_WARN_INT_CONVERSION = YES;
				CLANG_WARN_NON_LITERAL_NULL_CONVERSION = YES;
				CLANG_WARN_OBJC_LITERAL_CONVERSION = YES;
				CLANG_WARN_OBJC_ROOT_CLASS = YES_ERROR;
				CLANG_WARN_RANGE_LOOP_ANALYSIS = YES;
				CLANG_WARN_STRICT_PROTOTYPES = YES;
				CLANG_WARN_SUSPICIOUS_MOVE = YES;
				CLANG_WARN_UNGUARDED_AVAILABILITY = YES_AGGRESSIVE;
				CLANG_WARN_UNREACHABLE_CODE = YES;
				CLANG_WARN__DUPLICATE_METHOD_MATCH = YES;
				CODE_SIGN_IDENTITY = "iPhone Developer";
				COPY_PHASE_STRIP = NO;
				DEBUG_INFORMATION_FORMAT = dwarf;
				ENABLE_STRICT_OBJC_MSGSEND = YES;
				ENABLE_TESTABILITY = YES;
				GCC_C_LANGUAGE_STANDARD = gnu11;
				GCC_DYNAMIC_NO_PIC = NO;
				GCC_NO_COMMON_BLOCKS = YES;
				GCC_OPTIMIZATION_LEVEL = 0;
				GCC_PREPROCESSOR_DEFINITIONS = (
					"DEBUG=1",
					"$(inherited)",
				);
				GCC_WARN_64_TO_32_BIT_CONVERSION = YES;
				GCC_WARN_ABOUT_RETURN_TYPE = YES_ERROR;
				GCC_WARN_UNDECLARED_SELECTOR = YES;
				GCC_WARN_UNINITIALIZED_AUTOS = YES_AGGRESSIVE;
				GCC_WARN_UNUSED_FUNCTION = YES;
				GCC_WARN_UNUSED_VARIABLE = YES;
				IPHONEOS_DEPLOYMENT_TARGET = 11.2;
				MTL_ENABLE_DEBUG_INFO = YES;
				ONLY_ACTIVE_ARCH = YES;
				SDKROOT = iphoneos;
				SWIFT_ACTIVE_COMPILATION_CONDITIONS = DEBUG;
				SWIFT_OPTIMIZATION_LEVEL = "-Onone";
			};
			name = Debug;
		};
		80126D5F202E413600B3CFAB /* Release */ = {
			isa = XCBuildConfiguration;
			buildSettings = {
				ALWAYS_SEARCH_USER_PATHS = NO;
				CLANG_ANALYZER_NONNULL = YES;
				CLANG_ANALYZER_NUMBER_OBJECT_CONVERSION = YES_AGGRESSIVE;
				CLANG_CXX_LANGUAGE_STANDARD = "gnu++14";
				CLANG_CXX_LIBRARY = "libc++";
				CLANG_ENABLE_MODULES = YES;
				CLANG_ENABLE_OBJC_ARC = YES;
				CLANG_WARN_BLOCK_CAPTURE_AUTORELEASING = YES;
				CLANG_WARN_BOOL_CONVERSION = YES;
				CLANG_WARN_COMMA = YES;
				CLANG_WARN_CONSTANT_CONVERSION = YES;
				CLANG_WARN_DIRECT_OBJC_ISA_USAGE = YES_ERROR;
				CLANG_WARN_DOCUMENTATION_COMMENTS = YES;
				CLANG_WARN_EMPTY_BODY = YES;
				CLANG_WARN_ENUM_CONVERSION = YES;
				CLANG_WARN_INFINITE_RECURSION = YES;
				CLANG_WARN_INT_CONVERSION = YES;
				CLANG_WARN_NON_LITERAL_NULL_CONVERSION = YES;
				CLANG_WARN_OBJC_LITERAL_CONVERSION = YES;
				CLANG_WARN_OBJC_ROOT_CLASS = YES_ERROR;
				CLANG_WARN_RANGE_LOOP_ANALYSIS = YES;
				CLANG_WARN_STRICT_PROTOTYPES = YES;
				CLANG_WARN_SUSPICIOUS_MOVE = YES;
				CLANG_WARN_UNGUARDED_AVAILABILITY = YES_AGGRESSIVE;
				CLANG_WARN_UNREACHABLE_CODE = YES;
				CLANG_WARN__DUPLICATE_METHOD_MATCH = YES;
				CODE_SIGN_IDENTITY = "iPhone Developer";
				COPY_PHASE_STRIP = NO;
				DEBUG_INFORMATION_FORMAT = "dwarf-with-dsym";
				ENABLE_NS_ASSERTIONS = NO;
				ENABLE_STRICT_OBJC_MSGSEND = YES;
				GCC_C_LANGUAGE_STANDARD = gnu11;
				GCC_NO_COMMON_BLOCKS = YES;
				GCC_WARN_64_TO_32_BIT_CONVERSION = YES;
				GCC_WARN_ABOUT_RETURN_TYPE = YES_ERROR;
				GCC_WARN_UNDECLARED_SELECTOR = YES;
				GCC_WARN_UNINITIALIZED_AUTOS = YES_AGGRESSIVE;
				GCC_WARN_UNUSED_FUNCTION = YES;
				GCC_WARN_UNUSED_VARIABLE = YES;
				IPHONEOS_DEPLOYMENT_TARGET = 11.2;
				MTL_ENABLE_DEBUG_INFO = NO;
				SDKROOT = iphoneos;
				SWIFT_OPTIMIZATION_LEVEL = "-Owholemodule";
				VALIDATE_PRODUCT = YES;
			};
			name = Release;
		};
		80126D61202E413600B3CFAB /* Debug */ = {
			isa = XCBuildConfiguration;
			buildSettings = {
				ASSETCATALOG_COMPILER_APPICON_NAME = AppIcon;
				CODE_SIGN_STYLE = Automatic;
				INFOPLIST_FILE = PDIapp/Info.plist;
				LD_RUNPATH_SEARCH_PATHS = "$(inherited) @executable_path/Frameworks";
				PRODUCT_BUNDLE_IDENTIFIER = lshultz.PDIapp;
				PRODUCT_NAME = "$(TARGET_NAME)";
				SWIFT_VERSION = 4.0;
				TARGETED_DEVICE_FAMILY = "1,2";
			};
			name = Debug;
		};
		80126D62202E413600B3CFAB /* Release */ = {
			isa = XCBuildConfiguration;
			buildSettings = {
				ASSETCATALOG_COMPILER_APPICON_NAME = AppIcon;
				CODE_SIGN_STYLE = Automatic;
				INFOPLIST_FILE = PDIapp/Info.plist;
				LD_RUNPATH_SEARCH_PATHS = "$(inherited) @executable_path/Frameworks";
				PRODUCT_BUNDLE_IDENTIFIER = lshultz.PDIapp;
				PRODUCT_NAME = "$(TARGET_NAME)";
				SWIFT_VERSION = 4.0;
				TARGETED_DEVICE_FAMILY = "1,2";
			};
			name = Release;
		};
		80126D64202E413600B3CFAB /* Debug */ = {
			isa = XCBuildConfiguration;
			buildSettings = {
				ALWAYS_EMBED_SWIFT_STANDARD_LIBRARIES = YES;
				BUNDLE_LOADER = "$(TEST_HOST)";
				CODE_SIGN_STYLE = Automatic;
				INFOPLIST_FILE = PDIappTests/Info.plist;
				LD_RUNPATH_SEARCH_PATHS = "$(inherited) @executable_path/Frameworks @loader_path/Frameworks";
				PRODUCT_BUNDLE_IDENTIFIER = lshultz.PDIappTests;
				PRODUCT_NAME = "$(TARGET_NAME)";
				SWIFT_VERSION = 4.0;
				TARGETED_DEVICE_FAMILY = "1,2";
				TEST_HOST = "$(BUILT_PRODUCTS_DIR)/PDIapp.app/PDIapp";
			};
			name = Debug;
		};
		80126D65202E413600B3CFAB /* Release */ = {
			isa = XCBuildConfiguration;
			buildSettings = {
				ALWAYS_EMBED_SWIFT_STANDARD_LIBRARIES = YES;
				BUNDLE_LOADER = "$(TEST_HOST)";
				CODE_SIGN_STYLE = Automatic;
				INFOPLIST_FILE = PDIappTests/Info.plist;
				LD_RUNPATH_SEARCH_PATHS = "$(inherited) @executable_path/Frameworks @loader_path/Frameworks";
				PRODUCT_BUNDLE_IDENTIFIER = lshultz.PDIappTests;
				PRODUCT_NAME = "$(TARGET_NAME)";
				SWIFT_VERSION = 4.0;
				TARGETED_DEVICE_FAMILY = "1,2";
				TEST_HOST = "$(BUILT_PRODUCTS_DIR)/PDIapp.app/PDIapp";
			};
			name = Release;
		};
		80126D67202E413600B3CFAB /* Debug */ = {
			isa = XCBuildConfiguration;
			buildSettings = {
				ALWAYS_EMBED_SWIFT_STANDARD_LIBRARIES = YES;
				CODE_SIGN_STYLE = Automatic;
				INFOPLIST_FILE = PDIappUITests/Info.plist;
				LD_RUNPATH_SEARCH_PATHS = "$(inherited) @executable_path/Frameworks @loader_path/Frameworks";
				PRODUCT_BUNDLE_IDENTIFIER = lshultz.PDIappUITests;
				PRODUCT_NAME = "$(TARGET_NAME)";
				SWIFT_VERSION = 4.0;
				TARGETED_DEVICE_FAMILY = "1,2";
				TEST_TARGET_NAME = PDIapp;
			};
			name = Debug;
		};
		80126D68202E413600B3CFAB /* Release */ = {
			isa = XCBuildConfiguration;
			buildSettings = {
				ALWAYS_EMBED_SWIFT_STANDARD_LIBRARIES = YES;
				CODE_SIGN_STYLE = Automatic;
				INFOPLIST_FILE = PDIappUITests/Info.plist;
				LD_RUNPATH_SEARCH_PATHS = "$(inherited) @executable_path/Frameworks @loader_path/Frameworks";
				PRODUCT_BUNDLE_IDENTIFIER = lshultz.PDIappUITests;
				PRODUCT_NAME = "$(TARGET_NAME)";
				SWIFT_VERSION = 4.0;
				TARGETED_DEVICE_FAMILY = "1,2";
				TEST_TARGET_NAME = PDIapp;
			};
			name = Release;
		};
/* End XCBuildConfiguration section */

/* Begin XCConfigurationList section */
		80126D33202E413500B3CFAB /* Build configuration list for PBXProject "PDIapp" */ = {
			isa = XCConfigurationList;
			buildConfigurations = (
				80126D5E202E413600B3CFAB /* Debug */,
				80126D5F202E413600B3CFAB /* Release */,
			);
			defaultConfigurationIsVisible = 0;
			defaultConfigurationName = Release;
		};
		80126D60202E413600B3CFAB /* Build configuration list for PBXNativeTarget "PDIapp" */ = {
			isa = XCConfigurationList;
			buildConfigurations = (
				80126D61202E413600B3CFAB /* Debug */,
				80126D62202E413600B3CFAB /* Release */,
			);
			defaultConfigurationIsVisible = 0;
			defaultConfigurationName = Release;
		};
		80126D63202E413600B3CFAB /* Build configuration list for PBXNativeTarget "PDIappTests" */ = {
			isa = XCConfigurationList;
			buildConfigurations = (
				80126D64202E413600B3CFAB /* Debug */,
				80126D65202E413600B3CFAB /* Release */,
			);
			defaultConfigurationIsVisible = 0;
			defaultConfigurationName = Release;
		};
		80126D66202E413600B3CFAB /* Build configuration list for PBXNativeTarget "PDIappUITests" */ = {
			isa = XCConfigurationList;
			buildConfigurations = (
				80126D67202E413600B3CFAB /* Debug */,
				80126D68202E413600B3CFAB /* Release */,
			);
			defaultConfigurationIsVisible = 0;
			defaultConfigurationName = Release;
		};
/* End XCConfigurationList section */
	};
	rootObject = 80126D30202E413500B3CFAB /* Project object */;
}
